PODS:
  - Alamofire (4.7.3)
  - AWSAuthCore (2.6.33):
    - AWSCore (= 2.6.33)
  - AWSCognitoIdentityProvider (2.6.33):
    - AWSCognitoIdentityProviderASF (= 1.0.1)
    - AWSCore (= 2.6.33)
  - AWSCognitoIdentityProviderASF (1.0.1)
  - AWSCore (2.6.33)
  - CardIO (5.4.1)
  - Differentiator (3.1.0)
  - Overture (0.3.0)
  - PromiseKit (6.5.2):
    - PromiseKit/CorePromise (= 6.5.2)
    - PromiseKit/Foundation (= 6.5.2)
    - PromiseKit/UIKit (= 6.5.2)
  - PromiseKit/Alamofire (6.5.2):
    - Alamofire (~> 4.0)
    - PromiseKit/CorePromise
  - PromiseKit/CorePromise (6.5.2)
  - PromiseKit/Foundation (6.5.2):
    - PromiseKit/CorePromise
  - PromiseKit/UIKit (6.5.2):
    - PromiseKit/CorePromise
  - QRCodeReader.swift (9.0.1)
  - Result (4.0.0)
  - RxAtomic (4.4.0)
  - RxCocoa (4.4.0):
    - RxSwift (~> 4.0)
  - RxDataSources (3.1.0):
    - Differentiator (~> 3.0)
    - RxCocoa (~> 4.0)
    - RxSwift (~> 4.0)
  - RxSwift (4.4.0):
    - RxAtomic (~> 4.4)
  - SideMenu (5.0.3)
  - SkeletonView (1.4.1)
  - SwiftGifOrigin (1.6.1)
  - SwiftLint (0.28.2)
  - WeScan (0.9.2)

DEPENDENCIES:
  - Alamofire (~> 4.7)
  - AWSAuthCore (~> 2.6.0)
  - AWSCognitoIdentityProvider (~> 2.6.0)
  - AWSCore (~> 2.6.0)
  - CardIO
  - Overture (~> 0.2)
  - PromiseKit (~> 6.0)
  - PromiseKit/Alamofire (~> 6.0)
  - QRCodeReader.swift (~> 9.0.1)
  - Result (~> 4.0.0)
  - RxCocoa (~> 4.0)
  - RxDataSources (~> 3.0a)
  - RxSwift (~> 4.0)
  - SideMenu
  - SkeletonView
  - SwiftGifOrigin (~> 1.6.1)
  - SwiftLint
  - WeScan (from `https://github.com/WeTransfer/WeScan.git`, branch `develop`)

SPEC REPOS:
  https://github.com/cocoapods/specs.git:
    - Alamofire
    - AWSAuthCore
    - AWSCognitoIdentityProvider
    - AWSCognitoIdentityProviderASF
    - AWSCore
    - CardIO
    - Differentiator
    - Overture
    - PromiseKit
    - QRCodeReader.swift
    - Result
    - RxAtomic
    - RxCocoa
    - RxDataSources
    - RxSwift
    - SideMenu
    - SkeletonView
    - SwiftGifOrigin
    - SwiftLint

EXTERNAL SOURCES:
  WeScan:
    :branch: develop
    :git: https://github.com/WeTransfer/WeScan.git

CHECKOUT OPTIONS:
  WeScan:
    :commit: 01a7efcaf0e7dc0344647fcca77c2a4cf42e5aa2
    :git: https://github.com/WeTransfer/WeScan.git

SPEC CHECKSUMS:
  Alamofire: c7287b6e5d7da964a70935e5db17046b7fde6568
  AWSAuthCore: 349738e72c5ecbdd6fcf9f153ae01842dd90a725
  AWSCognitoIdentityProvider: 97c10594444863772447c9a056b17aff487552f3
  AWSCognitoIdentityProviderASF: f94f1a502e72ef3d0a1de93e10bf7a79c8698118
  AWSCore: ed83f7e36fb6c0211b04a439d8e564aa23bfe37d
  CardIO: 56983b39b62f495fc6dae9ad7cf875143df06443
  Differentiator: be49ca3408f0ecfc761e4c7763d20c62be01b9ad
  Overture: 05dd0bcf2c9c63f1cf4555cd321baaef76d58784
  PromiseKit: 27c1601bfb73405871b805bcb8cf7e55c4dad3db
  QRCodeReader.swift: 96292a5612fbc2fd9a0b26f93fa5164c8d02f59d
  Result: 7645bb3f50c2ce726dd0ff2fa7b6f42bbe6c3713
  RxAtomic: eacf60db868c96bfd63320e28619fe29c179656f
  RxCocoa: df63ebf7b9a70d6b4eeea407ed5dd4efc8979749
  RxDataSources: a843bad90c29817f5923ec8163f4af2de084ceb3
  RxSwift: 5976ecd04fc2fefd648827c23de5e11157faa973
  SideMenu: 1dcaabce84538c53325c287f7fe62999379a641c
  SkeletonView: 60d6ce7edb0cb4c7758db33c74add50392b3c475
  SwiftGifOrigin: d6679d3ebe9df2e049a84bc52582635107b581f6
  SwiftLint: f1629ae733b64e9cad20052de01d1debd5b640e7
  WeScan: 3d6f92d053f40719c48592b271b157d2015237df

PODFILE CHECKSUM: 7558f0266eccb42bc5999a7fad52f8ff5c9201b9

COCOAPODS: 1.5.3
