// !$*UTF8*$!
{
	archiveVersion = 1;
	classes = {
	};
	objectVersion = 50;
	objects = {

/* Begin PBXBuildFile section */
		5C7177DF20E2AB15001B4450 /* MittViffsViewModel.swift in Sources */ = {isa = PBXBuildFile; fileRef = 5C7177DE20E2AB15001B4450 /* MittViffsViewModel.swift */; };
		5CDFDBDA20E3D58C00BA000F /* ScanReceiptViewController.xib in Resources */ = {isa = PBXBuildFile; fileRef = 5CDFDBD920E3D58C00BA000F /* ScanReceiptViewController.xib */; };
		5CDFDBDC20E3D6FC00BA000F /* ScanReceiptViewController.swift in Sources */ = {isa = PBXBuildFile; fileRef = 5CDFDBDB20E3D6FC00BA000F /* ScanReceiptViewController.swift */; };
		C04E052826ED8CE5970BF259 /* Pods_Viffs.framework in Frameworks */ = {isa = PBXBuildFile; fileRef = 2666FD01FED8B3BA311B61B9 /* Pods_Viffs.framework */; };
		EE13B4B7213AD1E0007743D2 /* AWSConstants.swift in Sources */ = {isa = PBXBuildFile; fileRef = EE13B4B6213AD1E0007743D2 /* AWSConstants.swift */; };
		EE13B4B9213AD25A007743D2 /* SignInViewController.swift in Sources */ = {isa = PBXBuildFile; fileRef = EE13B4B8213AD25A007743D2 /* SignInViewController.swift */; };
		EE13B4BB213AD291007743D2 /* MFAViewController.swift in Sources */ = {isa = PBXBuildFile; fileRef = EE13B4BA213AD291007743D2 /* MFAViewController.swift */; };
		EE13B4BD213AD2BC007743D2 /* SignUpViewController.swift in Sources */ = {isa = PBXBuildFile; fileRef = EE13B4BC213AD2BC007743D2 /* SignUpViewController.swift */; };
		EE13B4BF213AD2DB007743D2 /* ConfirmSignUpViewController.swift in Sources */ = {isa = PBXBuildFile; fileRef = EE13B4BE213AD2DB007743D2 /* ConfirmSignUpViewController.swift */; };
		EE13B4C1213AD2FF007743D2 /* ForgotPasswordViewController.swift in Sources */ = {isa = PBXBuildFile; fileRef = EE13B4C0213AD2FF007743D2 /* ForgotPasswordViewController.swift */; };
		EE13B4C3213AD31A007743D2 /* ConfirmForgotPasswordViewController.swift in Sources */ = {isa = PBXBuildFile; fileRef = EE13B4C2213AD31A007743D2 /* ConfirmForgotPasswordViewController.swift */; };
		EE13B4C9213AD406007743D2 /* MFAViewController.xib in Resources */ = {isa = PBXBuildFile; fileRef = EE13B4C8213AD406007743D2 /* MFAViewController.xib */; };
		EE13B4D1213C4CE5007743D2 /* MoreTableViewController.swift in Sources */ = {isa = PBXBuildFile; fileRef = EE13B4CF213C4CE5007743D2 /* MoreTableViewController.swift */; };
		EE13B4D2213C4CE5007743D2 /* MoreTableViewController.xib in Resources */ = {isa = PBXBuildFile; fileRef = EE13B4D0213C4CE5007743D2 /* MoreTableViewController.xib */; };
		EE168A13212C078400AB426A /* StoreToLogo.swift in Sources */ = {isa = PBXBuildFile; fileRef = EE168A12212C078400AB426A /* StoreToLogo.swift */; };
		EE1E2D852191CB50002396F7 /* RxSwift.framework in Frameworks */ = {isa = PBXBuildFile; fileRef = EE1E2D842191CB50002396F7 /* RxSwift.framework */; };
		EE1E2D872191CB5D002396F7 /* RxAtomic.framework in Frameworks */ = {isa = PBXBuildFile; fileRef = EE1E2D862191CB5D002396F7 /* RxAtomic.framework */; };
		EE1E2D8B2191CB5D002396F7 /* RxCocoa.framework in Frameworks */ = {isa = PBXBuildFile; fileRef = EE1E2D8A2191CB5D002396F7 /* RxCocoa.framework */; };
		EE1E2D8D2191CB5D002396F7 /* RxDataSources.framework in Frameworks */ = {isa = PBXBuildFile; fileRef = EE1E2D8C2191CB5D002396F7 /* RxDataSources.framework */; };
		EE1E2D912191CB62002396F7 /* SideMenu.framework in Frameworks */ = {isa = PBXBuildFile; fileRef = EE1E2D902191CB62002396F7 /* SideMenu.framework */; };
		EE1E2D932191CB94002396F7 /* Result.framework in Frameworks */ = {isa = PBXBuildFile; fileRef = EE1E2D922191CB94002396F7 /* Result.framework */; };
		EE1E2D952191CB99002396F7 /* Overture.framework in Frameworks */ = {isa = PBXBuildFile; fileRef = EE1E2D942191CB99002396F7 /* Overture.framework */; };
		EE210AEC219CCB3800F490E7 /* ReceiptCodeViewController.swift in Sources */ = {isa = PBXBuildFile; fileRef = EE210AEA219CCB3800F490E7 /* ReceiptCodeViewController.swift */; };
		EE210AED219CCB3800F490E7 /* ReceiptCodeViewController.xib in Resources */ = {isa = PBXBuildFile; fileRef = EE210AEB219CCB3800F490E7 /* ReceiptCodeViewController.xib */; };
		EE210AEF219CD12E00F490E7 /* QRCodeReader.framework in Frameworks */ = {isa = PBXBuildFile; fileRef = EE210AEE219CD12E00F490E7 /* QRCodeReader.framework */; };
		EE210B9D219DF59500F490E7 /* UIImageExtensions.swift in Sources */ = {isa = PBXBuildFile; fileRef = EE210B9C219DF59500F490E7 /* UIImageExtensions.swift */; };
		EE210BA021A1F8C300F490E7 /* CardUtils.swift in Sources */ = {isa = PBXBuildFile; fileRef = EE210B9F21A1F8C300F490E7 /* CardUtils.swift */; };
		EE617F3B2198910B00C27912 /* HelpViewController.swift in Sources */ = {isa = PBXBuildFile; fileRef = EE617F392198910B00C27912 /* HelpViewController.swift */; };
		EE617F3C2198910B00C27912 /* HelpViewController.xib in Resources */ = {isa = PBXBuildFile; fileRef = EE617F3A2198910B00C27912 /* HelpViewController.xib */; };
		EE617F3F2198911A00C27912 /* SettingsViewController.swift in Sources */ = {isa = PBXBuildFile; fileRef = EE617F3D2198911A00C27912 /* SettingsViewController.swift */; };
		EE617F402198911A00C27912 /* SettingsViewController.xib in Resources */ = {isa = PBXBuildFile; fileRef = EE617F3E2198911A00C27912 /* SettingsViewController.xib */; };
		EE617F4421989AB300C27912 /* ChangeLanguageViewController.swift in Sources */ = {isa = PBXBuildFile; fileRef = EE617F4221989AB300C27912 /* ChangeLanguageViewController.swift */; };
		EE617F4521989AB300C27912 /* ChangeLanguageViewController.xib in Resources */ = {isa = PBXBuildFile; fileRef = EE617F4321989AB300C27912 /* ChangeLanguageViewController.xib */; };
		EE617F472198A08100C27912 /* ViffsViewController.swift in Sources */ = {isa = PBXBuildFile; fileRef = EE617F462198A08100C27912 /* ViffsViewController.swift */; };
		EE617F4C2198AFA800C27912 /* StoreViewController.swift in Sources */ = {isa = PBXBuildFile; fileRef = EE617F4A2198AFA800C27912 /* StoreViewController.swift */; };
		EE617F4D2198AFA800C27912 /* StoreViewController.xib in Resources */ = {isa = PBXBuildFile; fileRef = EE617F4B2198AFA800C27912 /* StoreViewController.xib */; };
		EE6A768A20BE054800A09CCF /* ReceiptDetailViewController.swift in Sources */ = {isa = PBXBuildFile; fileRef = EE6A768920BE054800A09CCF /* ReceiptDetailViewController.swift */; };
		EE72B6E6216D58D1005E307E /* CardRegisterViewController.swift in Sources */ = {isa = PBXBuildFile; fileRef = EE72B6E5216D58D1005E307E /* CardRegisterViewController.swift */; };
		EE789BE620B5721D00A0AEA3 /* GoogleService-Info.plist in Resources */ = {isa = PBXBuildFile; fileRef = EE789BE520B5721D00A0AEA3 /* GoogleService-Info.plist */; };
		EE826E9320AADA4A006A0390 /* AppDelegate.swift in Sources */ = {isa = PBXBuildFile; fileRef = EE826E9220AADA4A006A0390 /* AppDelegate.swift */; };
		EE826E9520AADA4A006A0390 /* ReceiptViewController.swift in Sources */ = {isa = PBXBuildFile; fileRef = EE826E9420AADA4A006A0390 /* ReceiptViewController.swift */; };
		EE826E9C20AADA4D006A0390 /* Assets.xcassets in Resources */ = {isa = PBXBuildFile; fileRef = EE826E9B20AADA4D006A0390 /* Assets.xcassets */; };
		EE826E9F20AADA4D006A0390 /* LaunchScreen.storyboard in Resources */ = {isa = PBXBuildFile; fileRef = EE826E9D20AADA4D006A0390 /* LaunchScreen.storyboard */; };
		EE826EA720AADE52006A0390 /* ReceiptViewCell.swift in Sources */ = {isa = PBXBuildFile; fileRef = EE826EA620AADE52006A0390 /* ReceiptViewCell.swift */; };
		EE826EA920AB64CA006A0390 /* Receipt.swift in Sources */ = {isa = PBXBuildFile; fileRef = EE826EA820AB64CA006A0390 /* Receipt.swift */; };
		EE8D4D8721512CE700341157 /* AWSApi.swift in Sources */ = {isa = PBXBuildFile; fileRef = EE8D4D8621512CE700341157 /* AWSApi.swift */; };
		EE8D4D8921512DC300341157 /* Alamofire.framework in Frameworks */ = {isa = PBXBuildFile; fileRef = EE8D4D8821512DC300341157 /* Alamofire.framework */; };
		EE8D4D8B215152E900341157 /* Store.swift in Sources */ = {isa = PBXBuildFile; fileRef = EE8D4D8A215152E900341157 /* Store.swift */; };
		EE8D4D8D2151873100341157 /* PromiseKit.framework in Frameworks */ = {isa = PBXBuildFile; fileRef = EE8D4D8C2151873100341157 /* PromiseKit.framework */; };
		EE8D4D9121525EBD00341157 /* MainViewController.swift in Sources */ = {isa = PBXBuildFile; fileRef = EE8D4D8F21525EBD00341157 /* MainViewController.swift */; };
		EE8D4D9221525EBD00341157 /* MainViewController.xib in Resources */ = {isa = PBXBuildFile; fileRef = EE8D4D9021525EBD00341157 /* MainViewController.xib */; };
		EE8D4E2F2157C70800341157 /* Montserrat-MediumItalic.otf in Resources */ = {isa = PBXBuildFile; fileRef = EE8D4E0A2157C70800341157 /* Montserrat-MediumItalic.otf */; };
		EE8D4E302157C70800341157 /* Montserrat-Bold.otf in Resources */ = {isa = PBXBuildFile; fileRef = EE8D4E0B2157C70800341157 /* Montserrat-Bold.otf */; };
		EE8D4E312157C70800341157 /* Montserrat-BlackItalic.otf in Resources */ = {isa = PBXBuildFile; fileRef = EE8D4E0C2157C70800341157 /* Montserrat-BlackItalic.otf */; };
		EE8D4E322157C70800341157 /* SIL Open Font License.txt in Resources */ = {isa = PBXBuildFile; fileRef = EE8D4E0D2157C70800341157 /* SIL Open Font License.txt */; };
		EE8D4E332157C70800341157 /* MontserratAlternates-Black.otf in Resources */ = {isa = PBXBuildFile; fileRef = EE8D4E0E2157C70800341157 /* MontserratAlternates-Black.otf */; };
		EE8D4E342157C70800341157 /* MontserratAlternates-LightItalic.otf in Resources */ = {isa = PBXBuildFile; fileRef = EE8D4E0F2157C70800341157 /* MontserratAlternates-LightItalic.otf */; };
		EE8D4E352157C70800341157 /* MontserratAlternates-Medium.otf in Resources */ = {isa = PBXBuildFile; fileRef = EE8D4E102157C70800341157 /* MontserratAlternates-Medium.otf */; };
		EE8D4E362157C70800341157 /* Montserrat-BoldItalic.otf in Resources */ = {isa = PBXBuildFile; fileRef = EE8D4E112157C70800341157 /* Montserrat-BoldItalic.otf */; };
		EE8D4E372157C70800341157 /* Montserrat-Light.otf in Resources */ = {isa = PBXBuildFile; fileRef = EE8D4E122157C70800341157 /* Montserrat-Light.otf */; };
		EE8D4E382157C70800341157 /* Montserrat-ThinItalic.otf in Resources */ = {isa = PBXBuildFile; fileRef = EE8D4E132157C70800341157 /* Montserrat-ThinItalic.otf */; };
		EE8D4E392157C70800341157 /* Montserrat-Thin.otf in Resources */ = {isa = PBXBuildFile; fileRef = EE8D4E142157C70800341157 /* Montserrat-Thin.otf */; };
		EE8D4E3A2157C70800341157 /* MontserratAlternates-MediumItalic.otf in Resources */ = {isa = PBXBuildFile; fileRef = EE8D4E152157C70800341157 /* MontserratAlternates-MediumItalic.otf */; };
		EE8D4E3B2157C70800341157 /* Montserrat-ExtraLight.otf in Resources */ = {isa = PBXBuildFile; fileRef = EE8D4E162157C70800341157 /* Montserrat-ExtraLight.otf */; };
		EE8D4E3C2157C70800341157 /* MontserratAlternates-BlackItalic.otf in Resources */ = {isa = PBXBuildFile; fileRef = EE8D4E172157C70800341157 /* MontserratAlternates-BlackItalic.otf */; };
		EE8D4E3D2157C70800341157 /* MontserratAlternates-Bold.otf in Resources */ = {isa = PBXBuildFile; fileRef = EE8D4E182157C70800341157 /* MontserratAlternates-Bold.otf */; };
		EE8D4E3E2157C70800341157 /* MontserratAlternates-ExtraLightItalic.otf in Resources */ = {isa = PBXBuildFile; fileRef = EE8D4E192157C70800341157 /* MontserratAlternates-ExtraLightItalic.otf */; };
		EE8D4E3F2157C70800341157 /* MontserratAlternates-Thin.otf in Resources */ = {isa = PBXBuildFile; fileRef = EE8D4E1A2157C70800341157 /* MontserratAlternates-Thin.otf */; };
		EE8D4E402157C70800341157 /* Montserrat-LightItalic.otf in Resources */ = {isa = PBXBuildFile; fileRef = EE8D4E1B2157C70800341157 /* Montserrat-LightItalic.otf */; };
		EE8D4E412157C70800341157 /* Montserrat-Medium.otf in Resources */ = {isa = PBXBuildFile; fileRef = EE8D4E1C2157C70800341157 /* Montserrat-Medium.otf */; };
		EE8D4E422157C70800341157 /* MontserratAlternates-SemiBoldItalic.otf in Resources */ = {isa = PBXBuildFile; fileRef = EE8D4E1D2157C70800341157 /* MontserratAlternates-SemiBoldItalic.otf */; };
		EE8D4E432157C70800341157 /* Montserrat-SemiBoldItalic.otf in Resources */ = {isa = PBXBuildFile; fileRef = EE8D4E1E2157C70800341157 /* Montserrat-SemiBoldItalic.otf */; };
		EE8D4E442157C70800341157 /* Montserrat-ExtraBoldItalic.otf in Resources */ = {isa = PBXBuildFile; fileRef = EE8D4E1F2157C70800341157 /* Montserrat-ExtraBoldItalic.otf */; };
		EE8D4E452157C70800341157 /* Montserrat-Italic.otf in Resources */ = {isa = PBXBuildFile; fileRef = EE8D4E202157C70800341157 /* Montserrat-Italic.otf */; };
		EE8D4E462157C70800341157 /* MontserratAlternates-SemiBold.otf in Resources */ = {isa = PBXBuildFile; fileRef = EE8D4E212157C70800341157 /* MontserratAlternates-SemiBold.otf */; };
		EE8D4E472157C70800341157 /* Montserrat-Regular.otf in Resources */ = {isa = PBXBuildFile; fileRef = EE8D4E222157C70800341157 /* Montserrat-Regular.otf */; };
		EE8D4E482157C70800341157 /* MontserratAlternates-ExtraBold.otf in Resources */ = {isa = PBXBuildFile; fileRef = EE8D4E232157C70800341157 /* MontserratAlternates-ExtraBold.otf */; };
		EE8D4E492157C70800341157 /* MontserratAlternates-BoldItalic.otf in Resources */ = {isa = PBXBuildFile; fileRef = EE8D4E242157C70800341157 /* MontserratAlternates-BoldItalic.otf */; };
		EE8D4E4A2157C70800341157 /* Montserrat-ExtraBold.otf in Resources */ = {isa = PBXBuildFile; fileRef = EE8D4E252157C70800341157 /* Montserrat-ExtraBold.otf */; };
		EE8D4E4B2157C70800341157 /* Montserrat-ExtraLightItalic.otf in Resources */ = {isa = PBXBuildFile; fileRef = EE8D4E262157C70800341157 /* Montserrat-ExtraLightItalic.otf */; };
		EE8D4E4C2157C70800341157 /* MontserratAlternates-Light.otf in Resources */ = {isa = PBXBuildFile; fileRef = EE8D4E272157C70800341157 /* MontserratAlternates-Light.otf */; };
		EE8D4E4D2157C70800341157 /* MontserratAlternates-ExtraLight.otf in Resources */ = {isa = PBXBuildFile; fileRef = EE8D4E282157C70800341157 /* MontserratAlternates-ExtraLight.otf */; };
		EE8D4E4E2157C70800341157 /* MontserratAlternates-Regular.otf in Resources */ = {isa = PBXBuildFile; fileRef = EE8D4E292157C70800341157 /* MontserratAlternates-Regular.otf */; };
		EE8D4E4F2157C70800341157 /* MontserratAlternates-ThinItalic.otf in Resources */ = {isa = PBXBuildFile; fileRef = EE8D4E2A2157C70800341157 /* MontserratAlternates-ThinItalic.otf */; };
		EE8D4E502157C70800341157 /* Montserrat-Black.otf in Resources */ = {isa = PBXBuildFile; fileRef = EE8D4E2B2157C70800341157 /* Montserrat-Black.otf */; };
		EE8D4E512157C70800341157 /* MontserratAlternates-ExtraBoldItalic.otf in Resources */ = {isa = PBXBuildFile; fileRef = EE8D4E2C2157C70800341157 /* MontserratAlternates-ExtraBoldItalic.otf */; };
		EE8D4E522157C70800341157 /* MontserratAlternates-Italic.otf in Resources */ = {isa = PBXBuildFile; fileRef = EE8D4E2D2157C70800341157 /* MontserratAlternates-Italic.otf */; };
		EE8D4E532157C70800341157 /* Montserrat-SemiBold.otf in Resources */ = {isa = PBXBuildFile; fileRef = EE8D4E2E2157C70800341157 /* Montserrat-SemiBold.otf */; };
		EE8F6C19216E2D25003A12A8 /* AudioToolbox.framework in Frameworks */ = {isa = PBXBuildFile; fileRef = EE8F6C14216E2D24003A12A8 /* AudioToolbox.framework */; settings = {ATTRIBUTES = (Weak, ); }; };
		EE8F6C1A216E2D25003A12A8 /* CoreMedia.framework in Frameworks */ = {isa = PBXBuildFile; fileRef = EE8F6C15216E2D24003A12A8 /* CoreMedia.framework */; settings = {ATTRIBUTES = (Weak, ); }; };
		EE8F6C1B216E2D25003A12A8 /* MobileCoreServices.framework in Frameworks */ = {isa = PBXBuildFile; fileRef = EE8F6C16216E2D24003A12A8 /* MobileCoreServices.framework */; settings = {ATTRIBUTES = (Weak, ); }; };
		EE8F6C1C216E2D25003A12A8 /* Accelerate.framework in Frameworks */ = {isa = PBXBuildFile; fileRef = EE8F6C17216E2D25003A12A8 /* Accelerate.framework */; settings = {ATTRIBUTES = (Weak, ); }; };
		EE8F6C1D216E2D25003A12A8 /* AVFoundation.framework in Frameworks */ = {isa = PBXBuildFile; fileRef = EE8F6C18216E2D25003A12A8 /* AVFoundation.framework */; settings = {ATTRIBUTES = (Weak, ); }; };
		EE962D5020BDC5B7006CEC0F /* User.swift in Sources */ = {isa = PBXBuildFile; fileRef = EE962D4F20BDC5B7006CEC0F /* User.swift */; };
		EE967D5F2191B88F00487303 /* AWSCognitoIdentityProvider.framework in Frameworks */ = {isa = PBXBuildFile; fileRef = EE967D5E2191B88F00487303 /* AWSCognitoIdentityProvider.framework */; };
		EE967D612191B88F00487303 /* AWSCognitoIdentityProviderASF.framework in Frameworks */ = {isa = PBXBuildFile; fileRef = EE967D602191B88F00487303 /* AWSCognitoIdentityProviderASF.framework */; };
		EE967D632191B88F00487303 /* AWSCore.framework in Frameworks */ = {isa = PBXBuildFile; fileRef = EE967D622191B88F00487303 /* AWSCore.framework */; };
		EE967D652191B88F00487303 /* Differentiator.framework in Frameworks */ = {isa = PBXBuildFile; fileRef = EE967D642191B88F00487303 /* Differentiator.framework */; };
		EEA1EFAB216D5B630027C7A9 /* AWS.storyboard in Resources */ = {isa = PBXBuildFile; fileRef = EEA1EFAD216D5B630027C7A9 /* AWS.storyboard */; };
		EEA1EFAF216D5FF40027C7A9 /* CodeRegistrationViewController.swift in Sources */ = {isa = PBXBuildFile; fileRef = EEA1EFAE216D5FF40027C7A9 /* CodeRegistrationViewController.swift */; };
		EEDDC2CA21753B90009EA895 /* AWSAuthCore.framework in Frameworks */ = {isa = PBXBuildFile; fileRef = EEDDC2C921753B90009EA895 /* AWSAuthCore.framework */; };
		EEDDC2CC21754F95009EA895 /* AWSLoginManager.swift in Sources */ = {isa = PBXBuildFile; fileRef = EEDDC2CB21754F95009EA895 /* AWSLoginManager.swift */; };
		FF07F63720D26A6F00B011D8 /* MoreViewController.xib in Resources */ = {isa = PBXBuildFile; fileRef = FF07F63620D26A6F00B011D8 /* MoreViewController.xib */; };
		FF07F63A20D26AD600B011D8 /* MittViffsViewController.xib in Resources */ = {isa = PBXBuildFile; fileRef = FF07F63920D26AD600B011D8 /* MittViffsViewController.xib */; };
		FF07F64020D26B3E00B011D8 /* StoresViewController.xib in Resources */ = {isa = PBXBuildFile; fileRef = FF07F63F20D26B3E00B011D8 /* StoresViewController.xib */; };
		FF07F64220D26B4A00B011D8 /* SecondViewController.xib in Resources */ = {isa = PBXBuildFile; fileRef = FF07F64120D26B4A00B011D8 /* SecondViewController.xib */; };
		FF07F64620D26B6F00B011D8 /* RegisterCardViewController.xib in Resources */ = {isa = PBXBuildFile; fileRef = FF07F64520D26B6F00B011D8 /* RegisterCardViewController.xib */; };
		FF07F64820D26D3300B011D8 /* SecondViewController.swift in Sources */ = {isa = PBXBuildFile; fileRef = FF07F64720D26D3300B011D8 /* SecondViewController.swift */; };
		FF07F64F20D27D2200B011D8 /* StoresViewController.swift in Sources */ = {isa = PBXBuildFile; fileRef = FF07F64E20D27D2200B011D8 /* StoresViewController.swift */; };
		FF07F65320D27D5400B011D8 /* RegisterCardViewController.swift in Sources */ = {isa = PBXBuildFile; fileRef = FF07F65220D27D5400B011D8 /* RegisterCardViewController.swift */; };
		FF07F65520D27D9C00B011D8 /* MittViffsViewController.swift in Sources */ = {isa = PBXBuildFile; fileRef = FF07F65420D27D9C00B011D8 /* MittViffsViewController.swift */; };
		FF07F65720D27DAB00B011D8 /* MoreViewController.swift in Sources */ = {isa = PBXBuildFile; fileRef = FF07F65620D27DAB00B011D8 /* MoreViewController.swift */; };
		FF29E7A521887A7000F56F2B /* Offer.swift in Sources */ = {isa = PBXBuildFile; fileRef = FF29E7A421887A7000F56F2B /* Offer.swift */; };
		FF29E7A921887C1200F56F2B /* OfferCell.swift in Sources */ = {isa = PBXBuildFile; fileRef = FF29E7A721887C1200F56F2B /* OfferCell.swift */; };
		FF29E7AA21887C1200F56F2B /* OfferCell.xib in Resources */ = {isa = PBXBuildFile; fileRef = FF29E7A821887C1200F56F2B /* OfferCell.xib */; };
		FF29E7AE2188809A00F56F2B /* CardsViewController.swift in Sources */ = {isa = PBXBuildFile; fileRef = FF29E7AC2188809A00F56F2B /* CardsViewController.swift */; };
		FF29E7AF2188809A00F56F2B /* CardsViewController.xib in Resources */ = {isa = PBXBuildFile; fileRef = FF29E7AD2188809A00F56F2B /* CardsViewController.xib */; };
		FF29E7B32188823D00F56F2B /* CardCell.swift in Sources */ = {isa = PBXBuildFile; fileRef = FF29E7B12188823D00F56F2B /* CardCell.swift */; };
		FF29E7B42188823D00F56F2B /* CardCell.xib in Resources */ = {isa = PBXBuildFile; fileRef = FF29E7B22188823D00F56F2B /* CardCell.xib */; };
		FF29E7B62188827B00F56F2B /* Card.swift in Sources */ = {isa = PBXBuildFile; fileRef = FF29E7B52188827B00F56F2B /* Card.swift */; };
		FF33E00120D6AFE700FF8E5C /* Overture additions.swift in Sources */ = {isa = PBXBuildFile; fileRef = FF33E00020D6AFE700FF8E5C /* Overture additions.swift */; };
		FF38274F20C837670046F220 /* Environment.swift in Sources */ = {isa = PBXBuildFile; fileRef = FF38274E20C837670046F220 /* Environment.swift */; };
		FF3AF53920E8CCE900CF7B67 /* MoreCell.swift in Sources */ = {isa = PBXBuildFile; fileRef = FF3AF53720E8CCE900CF7B67 /* MoreCell.swift */; };
		FF3AF53A20E8CCE900CF7B67 /* MoreCell.xib in Resources */ = {isa = PBXBuildFile; fileRef = FF3AF53820E8CCE900CF7B67 /* MoreCell.xib */; };
		FF68D03C20CD169100472FF7 /* Scene.swift in Sources */ = {isa = PBXBuildFile; fileRef = FF68D03B20CD169100472FF7 /* Scene.swift */; };
		FF68D03E20CD1C6200472FF7 /* NibInstantiable.swift in Sources */ = {isa = PBXBuildFile; fileRef = FF68D03D20CD1C6200472FF7 /* NibInstantiable.swift */; };
		FF68D04920CD396100472FF7 /* ReceiptDetailViewController.xib in Resources */ = {isa = PBXBuildFile; fileRef = FF68D04820CD396100472FF7 /* ReceiptDetailViewController.xib */; };
		FF68D04B20CD8C7200472FF7 /* SceneTransitionType.swift in Sources */ = {isa = PBXBuildFile; fileRef = FF68D04A20CD8C7200472FF7 /* SceneTransitionType.swift */; };
		FF68D04D20CD8E7200472FF7 /* ReceiptViewController.xib in Resources */ = {isa = PBXBuildFile; fileRef = FF68D04C20CD8E7200472FF7 /* ReceiptViewController.xib */; };
		FF68D04F20CD902600472FF7 /* ReceiptViewCell.xib in Resources */ = {isa = PBXBuildFile; fileRef = FF68D04E20CD902600472FF7 /* ReceiptViewCell.xib */; };
		FF68D05120CDC07400472FF7 /* NibCellUtils.swift in Sources */ = {isa = PBXBuildFile; fileRef = FF68D05020CDC07400472FF7 /* NibCellUtils.swift */; };
		FF68D05420CDCBC200472FF7 /* SceneCoordinator.swift in Sources */ = {isa = PBXBuildFile; fileRef = FF68D05320CDCBC200472FF7 /* SceneCoordinator.swift */; };
		FF68D05620CDCCA500472FF7 /* SceneCoordinatorType.swift in Sources */ = {isa = PBXBuildFile; fileRef = FF68D05520CDCCA500472FF7 /* SceneCoordinatorType.swift */; };
		FF68D05820CE6D3200472FF7 /* ViewModelBindable.swift in Sources */ = {isa = PBXBuildFile; fileRef = FF68D05720CE6D3200472FF7 /* ViewModelBindable.swift */; };
		FF68D05A20CE772300472FF7 /* NavigationViewController.swift in Sources */ = {isa = PBXBuildFile; fileRef = FF68D05920CE772300472FF7 /* NavigationViewController.swift */; };
		FFA2EBE32176333E00B1CBB6 /* MittViffsCell.swift in Sources */ = {isa = PBXBuildFile; fileRef = FFA2EBE12176333E00B1CBB6 /* MittViffsCell.swift */; };
		FFA2EBE42176333E00B1CBB6 /* MittViffsCell.xib in Resources */ = {isa = PBXBuildFile; fileRef = FFA2EBE22176333E00B1CBB6 /* MittViffsCell.xib */; };
		FFA2EBE62176376700B1CBB6 /* ReceiptCollection.swift in Sources */ = {isa = PBXBuildFile; fileRef = FFA2EBE52176376700B1CBB6 /* ReceiptCollection.swift */; };
		FFA681AD20C03BB200FE29DA /* LoginValidation.swift in Sources */ = {isa = PBXBuildFile; fileRef = FFA681AC20C03BB200FE29DA /* LoginValidation.swift */; };
		FFA681B020C4994B00FE29DA /* RxUIViewExtensions.swift in Sources */ = {isa = PBXBuildFile; fileRef = FFA681AF20C4994B00FE29DA /* RxUIViewExtensions.swift */; };
		FFD95B0220CBD9090010FBC4 /* ReceiptDetailViewModel.swift in Sources */ = {isa = PBXBuildFile; fileRef = FFD95B0120CBD9090010FBC4 /* ReceiptDetailViewModel.swift */; };
		FFD95B0420CBE1700010FBC4 /* Mocks.swift in Sources */ = {isa = PBXBuildFile; fileRef = FFD95B0320CBE1700010FBC4 /* Mocks.swift */; };
		FFE53CD12177C1480096EA0B /* StoreCell.swift in Sources */ = {isa = PBXBuildFile; fileRef = FFE53CCF2177C1480096EA0B /* StoreCell.swift */; };
		FFE53CD22177C1480096EA0B /* StoreCell.xib in Resources */ = {isa = PBXBuildFile; fileRef = FFE53CD02177C1480096EA0B /* StoreCell.xib */; };
		FFE53CD62177C9F90096EA0B /* PictogramCell.swift in Sources */ = {isa = PBXBuildFile; fileRef = FFE53CD42177C9F90096EA0B /* PictogramCell.swift */; };
		FFE53CD72177C9F90096EA0B /* PictogramCell.xib in Resources */ = {isa = PBXBuildFile; fileRef = FFE53CD52177C9F90096EA0B /* PictogramCell.xib */; };
/* End PBXBuildFile section */

/* Begin PBXFileReference section */
		0969995428831FD99A57B870 /* Pods-BlippTests.debug.xcconfig */ = {isa = PBXFileReference; includeInIndex = 1; lastKnownFileType = text.xcconfig; name = "Pods-BlippTests.debug.xcconfig"; path = "Pods/Target Support Files/Pods-BlippTests/Pods-BlippTests.debug.xcconfig"; sourceTree = "<group>"; };
		2666FD01FED8B3BA311B61B9 /* Pods_Viffs.framework */ = {isa = PBXFileReference; explicitFileType = wrapper.framework; includeInIndex = 0; path = Pods_Viffs.framework; sourceTree = BUILT_PRODUCTS_DIR; };
		2C84FFFB9742F4B28EC5CF6C /* Pods-BlippTests.release.xcconfig */ = {isa = PBXFileReference; includeInIndex = 1; lastKnownFileType = text.xcconfig; name = "Pods-BlippTests.release.xcconfig"; path = "Pods/Target Support Files/Pods-BlippTests/Pods-BlippTests.release.xcconfig"; sourceTree = "<group>"; };
		2E86FB2FFFDCFEDD856FB433 /* Pods-Viffs.release.xcconfig */ = {isa = PBXFileReference; includeInIndex = 1; lastKnownFileType = text.xcconfig; name = "Pods-Viffs.release.xcconfig"; path = "Pods/Target Support Files/Pods-Viffs/Pods-Viffs.release.xcconfig"; sourceTree = "<group>"; };
		451BE048DF50D156136C99CE /* Pods-Viffs.debug.xcconfig */ = {isa = PBXFileReference; includeInIndex = 1; lastKnownFileType = text.xcconfig; name = "Pods-Viffs.debug.xcconfig"; path = "Pods/Target Support Files/Pods-Viffs/Pods-Viffs.debug.xcconfig"; sourceTree = "<group>"; };
		5C7177DE20E2AB15001B4450 /* MittViffsViewModel.swift */ = {isa = PBXFileReference; lastKnownFileType = sourcecode.swift; path = MittViffsViewModel.swift; sourceTree = "<group>"; };
		5CDFDBD920E3D58C00BA000F /* ScanReceiptViewController.xib */ = {isa = PBXFileReference; lastKnownFileType = file.xib; path = ScanReceiptViewController.xib; sourceTree = "<group>"; };
		5CDFDBDB20E3D6FC00BA000F /* ScanReceiptViewController.swift */ = {isa = PBXFileReference; lastKnownFileType = sourcecode.swift; path = ScanReceiptViewController.swift; sourceTree = "<group>"; };
		C781250CE0DF10DF20CC79C0 /* Pods-Blipp.debug.xcconfig */ = {isa = PBXFileReference; includeInIndex = 1; lastKnownFileType = text.xcconfig; name = "Pods-Blipp.debug.xcconfig"; path = "Pods/Target Support Files/Pods-Blipp/Pods-Blipp.debug.xcconfig"; sourceTree = "<group>"; };
		CD373BDB91CDD8F838CE0521 /* Pods-Blipp.release.xcconfig */ = {isa = PBXFileReference; includeInIndex = 1; lastKnownFileType = text.xcconfig; name = "Pods-Blipp.release.xcconfig"; path = "Pods/Target Support Files/Pods-Blipp/Pods-Blipp.release.xcconfig"; sourceTree = "<group>"; };
		EE13B4B6213AD1E0007743D2 /* AWSConstants.swift */ = {isa = PBXFileReference; lastKnownFileType = sourcecode.swift; path = AWSConstants.swift; sourceTree = "<group>"; };
		EE13B4B8213AD25A007743D2 /* SignInViewController.swift */ = {isa = PBXFileReference; lastKnownFileType = sourcecode.swift; path = SignInViewController.swift; sourceTree = "<group>"; };
		EE13B4BA213AD291007743D2 /* MFAViewController.swift */ = {isa = PBXFileReference; lastKnownFileType = sourcecode.swift; path = MFAViewController.swift; sourceTree = "<group>"; };
		EE13B4BC213AD2BC007743D2 /* SignUpViewController.swift */ = {isa = PBXFileReference; lastKnownFileType = sourcecode.swift; path = SignUpViewController.swift; sourceTree = "<group>"; };
		EE13B4BE213AD2DB007743D2 /* ConfirmSignUpViewController.swift */ = {isa = PBXFileReference; lastKnownFileType = sourcecode.swift; path = ConfirmSignUpViewController.swift; sourceTree = "<group>"; };
		EE13B4C0213AD2FF007743D2 /* ForgotPasswordViewController.swift */ = {isa = PBXFileReference; lastKnownFileType = sourcecode.swift; path = ForgotPasswordViewController.swift; sourceTree = "<group>"; };
		EE13B4C2213AD31A007743D2 /* ConfirmForgotPasswordViewController.swift */ = {isa = PBXFileReference; lastKnownFileType = sourcecode.swift; path = ConfirmForgotPasswordViewController.swift; sourceTree = "<group>"; };
		EE13B4C8213AD406007743D2 /* MFAViewController.xib */ = {isa = PBXFileReference; lastKnownFileType = file.xib; path = MFAViewController.xib; sourceTree = "<group>"; };
		EE13B4CF213C4CE5007743D2 /* MoreTableViewController.swift */ = {isa = PBXFileReference; lastKnownFileType = sourcecode.swift; path = MoreTableViewController.swift; sourceTree = "<group>"; };
		EE13B4D0213C4CE5007743D2 /* MoreTableViewController.xib */ = {isa = PBXFileReference; lastKnownFileType = file.xib; path = MoreTableViewController.xib; sourceTree = "<group>"; };
		EE168A12212C078400AB426A /* StoreToLogo.swift */ = {isa = PBXFileReference; lastKnownFileType = sourcecode.swift; path = StoreToLogo.swift; sourceTree = "<group>"; };
		EE1E2D842191CB50002396F7 /* RxSwift.framework */ = {isa = PBXFileReference; explicitFileType = wrapper.framework; path = RxSwift.framework; sourceTree = BUILT_PRODUCTS_DIR; };
		EE1E2D862191CB5D002396F7 /* RxAtomic.framework */ = {isa = PBXFileReference; explicitFileType = wrapper.framework; path = RxAtomic.framework; sourceTree = BUILT_PRODUCTS_DIR; };
		EE1E2D882191CB5D002396F7 /* RxBlocking.framework */ = {isa = PBXFileReference; explicitFileType = wrapper.framework; path = RxBlocking.framework; sourceTree = BUILT_PRODUCTS_DIR; };
		EE1E2D8A2191CB5D002396F7 /* RxCocoa.framework */ = {isa = PBXFileReference; explicitFileType = wrapper.framework; path = RxCocoa.framework; sourceTree = BUILT_PRODUCTS_DIR; };
		EE1E2D8C2191CB5D002396F7 /* RxDataSources.framework */ = {isa = PBXFileReference; explicitFileType = wrapper.framework; path = RxDataSources.framework; sourceTree = BUILT_PRODUCTS_DIR; };
		EE1E2D8E2191CB5D002396F7 /* RxTest.framework */ = {isa = PBXFileReference; explicitFileType = wrapper.framework; path = RxTest.framework; sourceTree = BUILT_PRODUCTS_DIR; };
		EE1E2D902191CB62002396F7 /* SideMenu.framework */ = {isa = PBXFileReference; explicitFileType = wrapper.framework; path = SideMenu.framework; sourceTree = BUILT_PRODUCTS_DIR; };
		EE1E2D922191CB94002396F7 /* Result.framework */ = {isa = PBXFileReference; explicitFileType = wrapper.framework; path = Result.framework; sourceTree = BUILT_PRODUCTS_DIR; };
		EE1E2D942191CB99002396F7 /* Overture.framework */ = {isa = PBXFileReference; explicitFileType = wrapper.framework; path = Overture.framework; sourceTree = BUILT_PRODUCTS_DIR; };
		EE210AEA219CCB3800F490E7 /* ReceiptCodeViewController.swift */ = {isa = PBXFileReference; lastKnownFileType = sourcecode.swift; path = ReceiptCodeViewController.swift; sourceTree = "<group>"; };
		EE210AEB219CCB3800F490E7 /* ReceiptCodeViewController.xib */ = {isa = PBXFileReference; lastKnownFileType = file.xib; path = ReceiptCodeViewController.xib; sourceTree = "<group>"; };
		EE210AEE219CD12E00F490E7 /* QRCodeReader.framework */ = {isa = PBXFileReference; explicitFileType = wrapper.framework; path = QRCodeReader.framework; sourceTree = BUILT_PRODUCTS_DIR; };
		EE210B9C219DF59500F490E7 /* UIImageExtensions.swift */ = {isa = PBXFileReference; lastKnownFileType = sourcecode.swift; path = UIImageExtensions.swift; sourceTree = "<group>"; };
		EE210B9F21A1F8C300F490E7 /* CardUtils.swift */ = {isa = PBXFileReference; lastKnownFileType = sourcecode.swift; path = CardUtils.swift; sourceTree = "<group>"; };
		EE617F392198910B00C27912 /* HelpViewController.swift */ = {isa = PBXFileReference; lastKnownFileType = sourcecode.swift; path = HelpViewController.swift; sourceTree = "<group>"; };
		EE617F3A2198910B00C27912 /* HelpViewController.xib */ = {isa = PBXFileReference; lastKnownFileType = file.xib; path = HelpViewController.xib; sourceTree = "<group>"; };
		EE617F3D2198911A00C27912 /* SettingsViewController.swift */ = {isa = PBXFileReference; lastKnownFileType = sourcecode.swift; path = SettingsViewController.swift; sourceTree = "<group>"; };
		EE617F3E2198911A00C27912 /* SettingsViewController.xib */ = {isa = PBXFileReference; lastKnownFileType = file.xib; path = SettingsViewController.xib; sourceTree = "<group>"; };
		EE617F4221989AB300C27912 /* ChangeLanguageViewController.swift */ = {isa = PBXFileReference; lastKnownFileType = sourcecode.swift; path = ChangeLanguageViewController.swift; sourceTree = "<group>"; };
		EE617F4321989AB300C27912 /* ChangeLanguageViewController.xib */ = {isa = PBXFileReference; lastKnownFileType = file.xib; path = ChangeLanguageViewController.xib; sourceTree = "<group>"; };
		EE617F462198A08100C27912 /* ViffsViewController.swift */ = {isa = PBXFileReference; lastKnownFileType = sourcecode.swift; path = ViffsViewController.swift; sourceTree = "<group>"; };
		EE617F4A2198AFA800C27912 /* StoreViewController.swift */ = {isa = PBXFileReference; lastKnownFileType = sourcecode.swift; path = StoreViewController.swift; sourceTree = "<group>"; };
		EE617F4B2198AFA800C27912 /* StoreViewController.xib */ = {isa = PBXFileReference; lastKnownFileType = file.xib; path = StoreViewController.xib; sourceTree = "<group>"; };
		EE6A768920BE054800A09CCF /* ReceiptDetailViewController.swift */ = {isa = PBXFileReference; lastKnownFileType = sourcecode.swift; path = ReceiptDetailViewController.swift; sourceTree = "<group>"; };
		EE72B6E5216D58D1005E307E /* CardRegisterViewController.swift */ = {isa = PBXFileReference; lastKnownFileType = sourcecode.swift; path = CardRegisterViewController.swift; sourceTree = "<group>"; };
		EE789BE520B5721D00A0AEA3 /* GoogleService-Info.plist */ = {isa = PBXFileReference; fileEncoding = 4; lastKnownFileType = text.plist.xml; path = "GoogleService-Info.plist"; sourceTree = "<group>"; };
		EE826E8F20AADA4A006A0390 /* Viffs.app */ = {isa = PBXFileReference; explicitFileType = wrapper.application; includeInIndex = 0; path = Viffs.app; sourceTree = BUILT_PRODUCTS_DIR; };
		EE826E9220AADA4A006A0390 /* AppDelegate.swift */ = {isa = PBXFileReference; lastKnownFileType = sourcecode.swift; path = AppDelegate.swift; sourceTree = "<group>"; };
		EE826E9420AADA4A006A0390 /* ReceiptViewController.swift */ = {isa = PBXFileReference; lastKnownFileType = sourcecode.swift; path = ReceiptViewController.swift; sourceTree = "<group>"; };
		EE826E9B20AADA4D006A0390 /* Assets.xcassets */ = {isa = PBXFileReference; lastKnownFileType = folder.assetcatalog; path = Assets.xcassets; sourceTree = "<group>"; };
		EE826E9E20AADA4D006A0390 /* Base */ = {isa = PBXFileReference; lastKnownFileType = file.storyboard; name = Base; path = Base.lproj/LaunchScreen.storyboard; sourceTree = "<group>"; };
		EE826EA020AADA4D006A0390 /* Info.plist */ = {isa = PBXFileReference; lastKnownFileType = text.plist.xml; path = Info.plist; sourceTree = "<group>"; };
		EE826EA620AADE52006A0390 /* ReceiptViewCell.swift */ = {isa = PBXFileReference; lastKnownFileType = sourcecode.swift; path = ReceiptViewCell.swift; sourceTree = "<group>"; };
		EE826EA820AB64CA006A0390 /* Receipt.swift */ = {isa = PBXFileReference; lastKnownFileType = sourcecode.swift; path = Receipt.swift; sourceTree = "<group>"; };
		EE8D4D8621512CE700341157 /* AWSApi.swift */ = {isa = PBXFileReference; lastKnownFileType = sourcecode.swift; path = AWSApi.swift; sourceTree = "<group>"; };
		EE8D4D8821512DC300341157 /* Alamofire.framework */ = {isa = PBXFileReference; explicitFileType = wrapper.framework; path = Alamofire.framework; sourceTree = BUILT_PRODUCTS_DIR; };
		EE8D4D8A215152E900341157 /* Store.swift */ = {isa = PBXFileReference; lastKnownFileType = sourcecode.swift; path = Store.swift; sourceTree = "<group>"; };
		EE8D4D8C2151873100341157 /* PromiseKit.framework */ = {isa = PBXFileReference; explicitFileType = wrapper.framework; path = PromiseKit.framework; sourceTree = BUILT_PRODUCTS_DIR; };
		EE8D4D8F21525EBD00341157 /* MainViewController.swift */ = {isa = PBXFileReference; lastKnownFileType = sourcecode.swift; path = MainViewController.swift; sourceTree = "<group>"; };
		EE8D4D9021525EBD00341157 /* MainViewController.xib */ = {isa = PBXFileReference; lastKnownFileType = file.xib; path = MainViewController.xib; sourceTree = "<group>"; };
		EE8D4E0A2157C70800341157 /* Montserrat-MediumItalic.otf */ = {isa = PBXFileReference; lastKnownFileType = file; path = "Montserrat-MediumItalic.otf"; sourceTree = "<group>"; };
		EE8D4E0B2157C70800341157 /* Montserrat-Bold.otf */ = {isa = PBXFileReference; lastKnownFileType = file; path = "Montserrat-Bold.otf"; sourceTree = "<group>"; };
		EE8D4E0C2157C70800341157 /* Montserrat-BlackItalic.otf */ = {isa = PBXFileReference; lastKnownFileType = file; path = "Montserrat-BlackItalic.otf"; sourceTree = "<group>"; };
		EE8D4E0D2157C70800341157 /* SIL Open Font License.txt */ = {isa = PBXFileReference; fileEncoding = 4; lastKnownFileType = text; path = "SIL Open Font License.txt"; sourceTree = "<group>"; };
		EE8D4E0E2157C70800341157 /* MontserratAlternates-Black.otf */ = {isa = PBXFileReference; lastKnownFileType = file; path = "MontserratAlternates-Black.otf"; sourceTree = "<group>"; };
		EE8D4E0F2157C70800341157 /* MontserratAlternates-LightItalic.otf */ = {isa = PBXFileReference; lastKnownFileType = file; path = "MontserratAlternates-LightItalic.otf"; sourceTree = "<group>"; };
		EE8D4E102157C70800341157 /* MontserratAlternates-Medium.otf */ = {isa = PBXFileReference; lastKnownFileType = file; path = "MontserratAlternates-Medium.otf"; sourceTree = "<group>"; };
		EE8D4E112157C70800341157 /* Montserrat-BoldItalic.otf */ = {isa = PBXFileReference; lastKnownFileType = file; path = "Montserrat-BoldItalic.otf"; sourceTree = "<group>"; };
		EE8D4E122157C70800341157 /* Montserrat-Light.otf */ = {isa = PBXFileReference; lastKnownFileType = file; path = "Montserrat-Light.otf"; sourceTree = "<group>"; };
		EE8D4E132157C70800341157 /* Montserrat-ThinItalic.otf */ = {isa = PBXFileReference; lastKnownFileType = file; path = "Montserrat-ThinItalic.otf"; sourceTree = "<group>"; };
		EE8D4E142157C70800341157 /* Montserrat-Thin.otf */ = {isa = PBXFileReference; lastKnownFileType = file; path = "Montserrat-Thin.otf"; sourceTree = "<group>"; };
		EE8D4E152157C70800341157 /* MontserratAlternates-MediumItalic.otf */ = {isa = PBXFileReference; lastKnownFileType = file; path = "MontserratAlternates-MediumItalic.otf"; sourceTree = "<group>"; };
		EE8D4E162157C70800341157 /* Montserrat-ExtraLight.otf */ = {isa = PBXFileReference; lastKnownFileType = file; path = "Montserrat-ExtraLight.otf"; sourceTree = "<group>"; };
		EE8D4E172157C70800341157 /* MontserratAlternates-BlackItalic.otf */ = {isa = PBXFileReference; lastKnownFileType = file; path = "MontserratAlternates-BlackItalic.otf"; sourceTree = "<group>"; };
		EE8D4E182157C70800341157 /* MontserratAlternates-Bold.otf */ = {isa = PBXFileReference; lastKnownFileType = file; path = "MontserratAlternates-Bold.otf"; sourceTree = "<group>"; };
		EE8D4E192157C70800341157 /* MontserratAlternates-ExtraLightItalic.otf */ = {isa = PBXFileReference; lastKnownFileType = file; path = "MontserratAlternates-ExtraLightItalic.otf"; sourceTree = "<group>"; };
		EE8D4E1A2157C70800341157 /* MontserratAlternates-Thin.otf */ = {isa = PBXFileReference; lastKnownFileType = file; path = "MontserratAlternates-Thin.otf"; sourceTree = "<group>"; };
		EE8D4E1B2157C70800341157 /* Montserrat-LightItalic.otf */ = {isa = PBXFileReference; lastKnownFileType = file; path = "Montserrat-LightItalic.otf"; sourceTree = "<group>"; };
		EE8D4E1C2157C70800341157 /* Montserrat-Medium.otf */ = {isa = PBXFileReference; lastKnownFileType = file; path = "Montserrat-Medium.otf"; sourceTree = "<group>"; };
		EE8D4E1D2157C70800341157 /* MontserratAlternates-SemiBoldItalic.otf */ = {isa = PBXFileReference; lastKnownFileType = file; path = "MontserratAlternates-SemiBoldItalic.otf"; sourceTree = "<group>"; };
		EE8D4E1E2157C70800341157 /* Montserrat-SemiBoldItalic.otf */ = {isa = PBXFileReference; lastKnownFileType = file; path = "Montserrat-SemiBoldItalic.otf"; sourceTree = "<group>"; };
		EE8D4E1F2157C70800341157 /* Montserrat-ExtraBoldItalic.otf */ = {isa = PBXFileReference; lastKnownFileType = file; path = "Montserrat-ExtraBoldItalic.otf"; sourceTree = "<group>"; };
		EE8D4E202157C70800341157 /* Montserrat-Italic.otf */ = {isa = PBXFileReference; lastKnownFileType = file; path = "Montserrat-Italic.otf"; sourceTree = "<group>"; };
		EE8D4E212157C70800341157 /* MontserratAlternates-SemiBold.otf */ = {isa = PBXFileReference; lastKnownFileType = file; path = "MontserratAlternates-SemiBold.otf"; sourceTree = "<group>"; };
		EE8D4E222157C70800341157 /* Montserrat-Regular.otf */ = {isa = PBXFileReference; lastKnownFileType = file; path = "Montserrat-Regular.otf"; sourceTree = "<group>"; };
		EE8D4E232157C70800341157 /* MontserratAlternates-ExtraBold.otf */ = {isa = PBXFileReference; lastKnownFileType = file; path = "MontserratAlternates-ExtraBold.otf"; sourceTree = "<group>"; };
		EE8D4E242157C70800341157 /* MontserratAlternates-BoldItalic.otf */ = {isa = PBXFileReference; lastKnownFileType = file; path = "MontserratAlternates-BoldItalic.otf"; sourceTree = "<group>"; };
		EE8D4E252157C70800341157 /* Montserrat-ExtraBold.otf */ = {isa = PBXFileReference; lastKnownFileType = file; path = "Montserrat-ExtraBold.otf"; sourceTree = "<group>"; };
		EE8D4E262157C70800341157 /* Montserrat-ExtraLightItalic.otf */ = {isa = PBXFileReference; lastKnownFileType = file; path = "Montserrat-ExtraLightItalic.otf"; sourceTree = "<group>"; };
		EE8D4E272157C70800341157 /* MontserratAlternates-Light.otf */ = {isa = PBXFileReference; lastKnownFileType = file; path = "MontserratAlternates-Light.otf"; sourceTree = "<group>"; };
		EE8D4E282157C70800341157 /* MontserratAlternates-ExtraLight.otf */ = {isa = PBXFileReference; lastKnownFileType = file; path = "MontserratAlternates-ExtraLight.otf"; sourceTree = "<group>"; };
		EE8D4E292157C70800341157 /* MontserratAlternates-Regular.otf */ = {isa = PBXFileReference; lastKnownFileType = file; path = "MontserratAlternates-Regular.otf"; sourceTree = "<group>"; };
		EE8D4E2A2157C70800341157 /* MontserratAlternates-ThinItalic.otf */ = {isa = PBXFileReference; lastKnownFileType = file; path = "MontserratAlternates-ThinItalic.otf"; sourceTree = "<group>"; };
		EE8D4E2B2157C70800341157 /* Montserrat-Black.otf */ = {isa = PBXFileReference; lastKnownFileType = file; path = "Montserrat-Black.otf"; sourceTree = "<group>"; };
		EE8D4E2C2157C70800341157 /* MontserratAlternates-ExtraBoldItalic.otf */ = {isa = PBXFileReference; lastKnownFileType = file; path = "MontserratAlternates-ExtraBoldItalic.otf"; sourceTree = "<group>"; };
		EE8D4E2D2157C70800341157 /* MontserratAlternates-Italic.otf */ = {isa = PBXFileReference; lastKnownFileType = file; path = "MontserratAlternates-Italic.otf"; sourceTree = "<group>"; };
		EE8D4E2E2157C70800341157 /* Montserrat-SemiBold.otf */ = {isa = PBXFileReference; lastKnownFileType = file; path = "Montserrat-SemiBold.otf"; sourceTree = "<group>"; };
		EE8F6C14216E2D24003A12A8 /* AudioToolbox.framework */ = {isa = PBXFileReference; lastKnownFileType = wrapper.framework; name = AudioToolbox.framework; path = System/Library/Frameworks/AudioToolbox.framework; sourceTree = SDKROOT; };
		EE8F6C15216E2D24003A12A8 /* CoreMedia.framework */ = {isa = PBXFileReference; lastKnownFileType = wrapper.framework; name = CoreMedia.framework; path = System/Library/Frameworks/CoreMedia.framework; sourceTree = SDKROOT; };
		EE8F6C16216E2D24003A12A8 /* MobileCoreServices.framework */ = {isa = PBXFileReference; lastKnownFileType = wrapper.framework; name = MobileCoreServices.framework; path = System/Library/Frameworks/MobileCoreServices.framework; sourceTree = SDKROOT; };
		EE8F6C17216E2D25003A12A8 /* Accelerate.framework */ = {isa = PBXFileReference; lastKnownFileType = wrapper.framework; name = Accelerate.framework; path = System/Library/Frameworks/Accelerate.framework; sourceTree = SDKROOT; };
		EE8F6C18216E2D25003A12A8 /* AVFoundation.framework */ = {isa = PBXFileReference; lastKnownFileType = wrapper.framework; name = AVFoundation.framework; path = System/Library/Frameworks/AVFoundation.framework; sourceTree = SDKROOT; };
		EE8F6C1E216E2D83003A12A8 /* BridgingHeader.h */ = {isa = PBXFileReference; lastKnownFileType = sourcecode.c.h; path = BridgingHeader.h; sourceTree = "<group>"; };
		EE962D4F20BDC5B7006CEC0F /* User.swift */ = {isa = PBXFileReference; lastKnownFileType = sourcecode.swift; path = User.swift; sourceTree = "<group>"; };
		EE967D5E2191B88F00487303 /* AWSCognitoIdentityProvider.framework */ = {isa = PBXFileReference; explicitFileType = wrapper.framework; name = AWSCognitoIdentityProvider.framework; path = "../../../../../../../../../Users/RobertLorentz/Library/Developer/Xcode/DerivedData/Viffs-ddzkpyzdzjdlughifajcxwupjjgv/Build/Products/Debug-iphoneos/AWSCognitoIdentityProvider.framework"; sourceTree = SDKROOT; };
		EE967D602191B88F00487303 /* AWSCognitoIdentityProviderASF.framework */ = {isa = PBXFileReference; explicitFileType = wrapper.framework; name = AWSCognitoIdentityProviderASF.framework; path = "../../../../../../../../../Users/RobertLorentz/Library/Developer/Xcode/DerivedData/Viffs-ddzkpyzdzjdlughifajcxwupjjgv/Build/Products/Debug-iphoneos/AWSCognitoIdentityProviderASF.framework"; sourceTree = SDKROOT; };
		EE967D622191B88F00487303 /* AWSCore.framework */ = {isa = PBXFileReference; explicitFileType = wrapper.framework; name = AWSCore.framework; path = "../../../../../../../../../Users/RobertLorentz/Library/Developer/Xcode/DerivedData/Viffs-ddzkpyzdzjdlughifajcxwupjjgv/Build/Products/Debug-iphoneos/AWSCore.framework"; sourceTree = SDKROOT; };
		EE967D642191B88F00487303 /* Differentiator.framework */ = {isa = PBXFileReference; explicitFileType = wrapper.framework; name = Differentiator.framework; path = "../../../../../../../../../Users/RobertLorentz/Library/Developer/Xcode/DerivedData/Viffs-ddzkpyzdzjdlughifajcxwupjjgv/Build/Products/Debug-iphoneos/Differentiator.framework"; sourceTree = SDKROOT; };
		EEA1EFAC216D5B630027C7A9 /* Base */ = {isa = PBXFileReference; lastKnownFileType = file.storyboard; name = Base; path = Base.lproj/AWS.storyboard; sourceTree = "<group>"; };
		EEA1EFAE216D5FF40027C7A9 /* CodeRegistrationViewController.swift */ = {isa = PBXFileReference; lastKnownFileType = sourcecode.swift; path = CodeRegistrationViewController.swift; sourceTree = "<group>"; };
		EEDDC2C921753B90009EA895 /* AWSAuthCore.framework */ = {isa = PBXFileReference; explicitFileType = wrapper.framework; path = AWSAuthCore.framework; sourceTree = BUILT_PRODUCTS_DIR; };
		EEDDC2CB21754F95009EA895 /* AWSLoginManager.swift */ = {isa = PBXFileReference; lastKnownFileType = sourcecode.swift; path = AWSLoginManager.swift; sourceTree = "<group>"; };
		EEFD60212193364300A2957B /* WeScan.framework */ = {isa = PBXFileReference; explicitFileType = wrapper.framework; path = WeScan.framework; sourceTree = BUILT_PRODUCTS_DIR; };
		FF07F63620D26A6F00B011D8 /* MoreViewController.xib */ = {isa = PBXFileReference; lastKnownFileType = file.xib; path = MoreViewController.xib; sourceTree = "<group>"; };
		FF07F63920D26AD600B011D8 /* MittViffsViewController.xib */ = {isa = PBXFileReference; lastKnownFileType = file.xib; path = MittViffsViewController.xib; sourceTree = "<group>"; };
		FF07F63F20D26B3E00B011D8 /* StoresViewController.xib */ = {isa = PBXFileReference; lastKnownFileType = file.xib; path = StoresViewController.xib; sourceTree = "<group>"; };
		FF07F64120D26B4A00B011D8 /* SecondViewController.xib */ = {isa = PBXFileReference; lastKnownFileType = file.xib; path = SecondViewController.xib; sourceTree = "<group>"; };
		FF07F64520D26B6F00B011D8 /* RegisterCardViewController.xib */ = {isa = PBXFileReference; lastKnownFileType = file.xib; path = RegisterCardViewController.xib; sourceTree = "<group>"; };
		FF07F64720D26D3300B011D8 /* SecondViewController.swift */ = {isa = PBXFileReference; lastKnownFileType = sourcecode.swift; path = SecondViewController.swift; sourceTree = "<group>"; };
		FF07F64E20D27D2200B011D8 /* StoresViewController.swift */ = {isa = PBXFileReference; lastKnownFileType = sourcecode.swift; path = StoresViewController.swift; sourceTree = "<group>"; };
		FF07F65220D27D5400B011D8 /* RegisterCardViewController.swift */ = {isa = PBXFileReference; lastKnownFileType = sourcecode.swift; path = RegisterCardViewController.swift; sourceTree = "<group>"; };
		FF07F65420D27D9C00B011D8 /* MittViffsViewController.swift */ = {isa = PBXFileReference; lastKnownFileType = sourcecode.swift; path = MittViffsViewController.swift; sourceTree = "<group>"; };
		FF07F65620D27DAB00B011D8 /* MoreViewController.swift */ = {isa = PBXFileReference; lastKnownFileType = sourcecode.swift; path = MoreViewController.swift; sourceTree = "<group>"; };
		FF29E7A421887A7000F56F2B /* Offer.swift */ = {isa = PBXFileReference; lastKnownFileType = sourcecode.swift; path = Offer.swift; sourceTree = "<group>"; };
		FF29E7A721887C1200F56F2B /* OfferCell.swift */ = {isa = PBXFileReference; lastKnownFileType = sourcecode.swift; path = OfferCell.swift; sourceTree = "<group>"; };
		FF29E7A821887C1200F56F2B /* OfferCell.xib */ = {isa = PBXFileReference; lastKnownFileType = file.xib; path = OfferCell.xib; sourceTree = "<group>"; };
		FF29E7AC2188809A00F56F2B /* CardsViewController.swift */ = {isa = PBXFileReference; lastKnownFileType = sourcecode.swift; path = CardsViewController.swift; sourceTree = "<group>"; };
		FF29E7AD2188809A00F56F2B /* CardsViewController.xib */ = {isa = PBXFileReference; lastKnownFileType = file.xib; path = CardsViewController.xib; sourceTree = "<group>"; };
		FF29E7B12188823D00F56F2B /* CardCell.swift */ = {isa = PBXFileReference; lastKnownFileType = sourcecode.swift; path = CardCell.swift; sourceTree = "<group>"; };
		FF29E7B22188823D00F56F2B /* CardCell.xib */ = {isa = PBXFileReference; lastKnownFileType = file.xib; path = CardCell.xib; sourceTree = "<group>"; };
		FF29E7B52188827B00F56F2B /* Card.swift */ = {isa = PBXFileReference; lastKnownFileType = sourcecode.swift; path = Card.swift; sourceTree = "<group>"; };
		FF33E00020D6AFE700FF8E5C /* Overture additions.swift */ = {isa = PBXFileReference; lastKnownFileType = sourcecode.swift; path = "Overture additions.swift"; sourceTree = "<group>"; };
		FF38274E20C837670046F220 /* Environment.swift */ = {isa = PBXFileReference; lastKnownFileType = sourcecode.swift; path = Environment.swift; sourceTree = "<group>"; };
		FF3AF53720E8CCE900CF7B67 /* MoreCell.swift */ = {isa = PBXFileReference; lastKnownFileType = sourcecode.swift; path = MoreCell.swift; sourceTree = "<group>"; };
		FF3AF53820E8CCE900CF7B67 /* MoreCell.xib */ = {isa = PBXFileReference; lastKnownFileType = file.xib; path = MoreCell.xib; sourceTree = "<group>"; };
		FF68D03B20CD169100472FF7 /* Scene.swift */ = {isa = PBXFileReference; lastKnownFileType = sourcecode.swift; path = Scene.swift; sourceTree = "<group>"; };
		FF68D03D20CD1C6200472FF7 /* NibInstantiable.swift */ = {isa = PBXFileReference; lastKnownFileType = sourcecode.swift; path = NibInstantiable.swift; sourceTree = "<group>"; };
		FF68D04820CD396100472FF7 /* ReceiptDetailViewController.xib */ = {isa = PBXFileReference; lastKnownFileType = file.xib; path = ReceiptDetailViewController.xib; sourceTree = "<group>"; };
		FF68D04A20CD8C7200472FF7 /* SceneTransitionType.swift */ = {isa = PBXFileReference; lastKnownFileType = sourcecode.swift; path = SceneTransitionType.swift; sourceTree = "<group>"; };
		FF68D04C20CD8E7200472FF7 /* ReceiptViewController.xib */ = {isa = PBXFileReference; lastKnownFileType = file.xib; path = ReceiptViewController.xib; sourceTree = "<group>"; };
		FF68D04E20CD902600472FF7 /* ReceiptViewCell.xib */ = {isa = PBXFileReference; lastKnownFileType = file.xib; path = ReceiptViewCell.xib; sourceTree = "<group>"; };
		FF68D05020CDC07400472FF7 /* NibCellUtils.swift */ = {isa = PBXFileReference; lastKnownFileType = sourcecode.swift; path = NibCellUtils.swift; sourceTree = "<group>"; };
		FF68D05320CDCBC200472FF7 /* SceneCoordinator.swift */ = {isa = PBXFileReference; lastKnownFileType = sourcecode.swift; path = SceneCoordinator.swift; sourceTree = "<group>"; };
		FF68D05520CDCCA500472FF7 /* SceneCoordinatorType.swift */ = {isa = PBXFileReference; lastKnownFileType = sourcecode.swift; path = SceneCoordinatorType.swift; sourceTree = "<group>"; };
		FF68D05720CE6D3200472FF7 /* ViewModelBindable.swift */ = {isa = PBXFileReference; lastKnownFileType = sourcecode.swift; path = ViewModelBindable.swift; sourceTree = "<group>"; };
		FF68D05920CE772300472FF7 /* NavigationViewController.swift */ = {isa = PBXFileReference; lastKnownFileType = sourcecode.swift; path = NavigationViewController.swift; sourceTree = "<group>"; };
		FFA2EBE12176333E00B1CBB6 /* MittViffsCell.swift */ = {isa = PBXFileReference; lastKnownFileType = sourcecode.swift; path = MittViffsCell.swift; sourceTree = "<group>"; };
		FFA2EBE22176333E00B1CBB6 /* MittViffsCell.xib */ = {isa = PBXFileReference; lastKnownFileType = file.xib; path = MittViffsCell.xib; sourceTree = "<group>"; };
		FFA2EBE52176376700B1CBB6 /* ReceiptCollection.swift */ = {isa = PBXFileReference; lastKnownFileType = sourcecode.swift; path = ReceiptCollection.swift; sourceTree = "<group>"; };
		FFA681AC20C03BB200FE29DA /* LoginValidation.swift */ = {isa = PBXFileReference; lastKnownFileType = sourcecode.swift; path = LoginValidation.swift; sourceTree = "<group>"; };
		FFA681AF20C4994B00FE29DA /* RxUIViewExtensions.swift */ = {isa = PBXFileReference; lastKnownFileType = sourcecode.swift; path = RxUIViewExtensions.swift; sourceTree = "<group>"; };
		FFD95B0120CBD9090010FBC4 /* ReceiptDetailViewModel.swift */ = {isa = PBXFileReference; lastKnownFileType = sourcecode.swift; path = ReceiptDetailViewModel.swift; sourceTree = "<group>"; };
		FFD95B0320CBE1700010FBC4 /* Mocks.swift */ = {isa = PBXFileReference; lastKnownFileType = sourcecode.swift; path = Mocks.swift; sourceTree = "<group>"; };
		FFE53CCF2177C1480096EA0B /* StoreCell.swift */ = {isa = PBXFileReference; lastKnownFileType = sourcecode.swift; path = StoreCell.swift; sourceTree = "<group>"; };
		FFE53CD02177C1480096EA0B /* StoreCell.xib */ = {isa = PBXFileReference; lastKnownFileType = file.xib; path = StoreCell.xib; sourceTree = "<group>"; };
		FFE53CD42177C9F90096EA0B /* PictogramCell.swift */ = {isa = PBXFileReference; lastKnownFileType = sourcecode.swift; path = PictogramCell.swift; sourceTree = "<group>"; };
		FFE53CD52177C9F90096EA0B /* PictogramCell.xib */ = {isa = PBXFileReference; lastKnownFileType = file.xib; path = PictogramCell.xib; sourceTree = "<group>"; };
/* End PBXFileReference section */

/* Begin PBXFrameworksBuildPhase section */
		EE826E8C20AADA4A006A0390 /* Frameworks */ = {
			isa = PBXFrameworksBuildPhase;
			buildActionMask = 2147483647;
			files = (
				EE210AEF219CD12E00F490E7 /* QRCodeReader.framework in Frameworks */,
				EE1E2D952191CB99002396F7 /* Overture.framework in Frameworks */,
				EE1E2D932191CB94002396F7 /* Result.framework in Frameworks */,
				EE1E2D912191CB62002396F7 /* SideMenu.framework in Frameworks */,
				EE1E2D872191CB5D002396F7 /* RxAtomic.framework in Frameworks */,
				EE1E2D8B2191CB5D002396F7 /* RxCocoa.framework in Frameworks */,
				EE1E2D8D2191CB5D002396F7 /* RxDataSources.framework in Frameworks */,
				EE1E2D852191CB50002396F7 /* RxSwift.framework in Frameworks */,
				EE967D5F2191B88F00487303 /* AWSCognitoIdentityProvider.framework in Frameworks */,
				EE967D612191B88F00487303 /* AWSCognitoIdentityProviderASF.framework in Frameworks */,
				EE967D632191B88F00487303 /* AWSCore.framework in Frameworks */,
				EE967D652191B88F00487303 /* Differentiator.framework in Frameworks */,
				EEDDC2CA21753B90009EA895 /* AWSAuthCore.framework in Frameworks */,
				EE8F6C19216E2D25003A12A8 /* AudioToolbox.framework in Frameworks */,
				EE8F6C1A216E2D25003A12A8 /* CoreMedia.framework in Frameworks */,
				EE8F6C1B216E2D25003A12A8 /* MobileCoreServices.framework in Frameworks */,
				EE8F6C1C216E2D25003A12A8 /* Accelerate.framework in Frameworks */,
				EE8F6C1D216E2D25003A12A8 /* AVFoundation.framework in Frameworks */,
				EE8D4D8D2151873100341157 /* PromiseKit.framework in Frameworks */,
				EE8D4D8921512DC300341157 /* Alamofire.framework in Frameworks */,
				C04E052826ED8CE5970BF259 /* Pods_Viffs.framework in Frameworks */,
			);
			runOnlyForDeploymentPostprocessing = 0;
		};
/* End PBXFrameworksBuildPhase section */

/* Begin PBXGroup section */
		35CB1C987188EE324ADB6859 /* Frameworks */ = {
			isa = PBXGroup;
			children = (
				EE210AEE219CD12E00F490E7 /* QRCodeReader.framework */,
				EEFD60212193364300A2957B /* WeScan.framework */,
				EE1E2D942191CB99002396F7 /* Overture.framework */,
				EE1E2D922191CB94002396F7 /* Result.framework */,
				EE1E2D902191CB62002396F7 /* SideMenu.framework */,
				EE1E2D862191CB5D002396F7 /* RxAtomic.framework */,
				EE1E2D882191CB5D002396F7 /* RxBlocking.framework */,
				EE1E2D8A2191CB5D002396F7 /* RxCocoa.framework */,
				EE1E2D8C2191CB5D002396F7 /* RxDataSources.framework */,
				EE1E2D8E2191CB5D002396F7 /* RxTest.framework */,
				EE1E2D842191CB50002396F7 /* RxSwift.framework */,
				EE967D5E2191B88F00487303 /* AWSCognitoIdentityProvider.framework */,
				EE967D602191B88F00487303 /* AWSCognitoIdentityProviderASF.framework */,
				EE967D622191B88F00487303 /* AWSCore.framework */,
				EE967D642191B88F00487303 /* Differentiator.framework */,
				EEDDC2C921753B90009EA895 /* AWSAuthCore.framework */,
				EE8F6C17216E2D25003A12A8 /* Accelerate.framework */,
				EE8F6C14216E2D24003A12A8 /* AudioToolbox.framework */,
				EE8F6C18216E2D25003A12A8 /* AVFoundation.framework */,
				EE8F6C15216E2D24003A12A8 /* CoreMedia.framework */,
				EE8F6C16216E2D24003A12A8 /* MobileCoreServices.framework */,
				EE8D4D8C2151873100341157 /* PromiseKit.framework */,
				EE8D4D8821512DC300341157 /* Alamofire.framework */,
				2666FD01FED8B3BA311B61B9 /* Pods_Viffs.framework */,
			);
			name = Frameworks;
			sourceTree = "<group>";
		};
		51B78C2B7EDD5AA579DA57C6 /* Pods */ = {
			isa = PBXGroup;
			children = (
				C781250CE0DF10DF20CC79C0 /* Pods-Blipp.debug.xcconfig */,
				CD373BDB91CDD8F838CE0521 /* Pods-Blipp.release.xcconfig */,
				0969995428831FD99A57B870 /* Pods-BlippTests.debug.xcconfig */,
				2C84FFFB9742F4B28EC5CF6C /* Pods-BlippTests.release.xcconfig */,
				451BE048DF50D156136C99CE /* Pods-Viffs.debug.xcconfig */,
				2E86FB2FFFDCFEDD856FB433 /* Pods-Viffs.release.xcconfig */,
			);
			name = Pods;
			sourceTree = "<group>";
		};
		5CDFDBD820E3D4C300BA000F /* Scan receipt */ = {
			isa = PBXGroup;
			children = (
				5CDFDBD920E3D58C00BA000F /* ScanReceiptViewController.xib */,
				5CDFDBDB20E3D6FC00BA000F /* ScanReceiptViewController.swift */,
			);
			name = "Scan receipt";
			path = "Scan Card";
			sourceTree = "<group>";
		};
		EE13B4CE213C4CB2007743D2 /* TableView */ = {
			isa = PBXGroup;
			children = (
				EE13B4CF213C4CE5007743D2 /* MoreTableViewController.swift */,
				EE13B4D0213C4CE5007743D2 /* MoreTableViewController.xib */,
			);
			path = TableView;
			sourceTree = "<group>";
		};
		EE210AE9219CCAF300F490E7 /* Register Receipt Code */ = {
			isa = PBXGroup;
			children = (
				EE210AEA219CCB3800F490E7 /* ReceiptCodeViewController.swift */,
				EE210AEB219CCB3800F490E7 /* ReceiptCodeViewController.xib */,
			);
			path = "Register Receipt Code";
			sourceTree = "<group>";
		};
		EE210B9E21A1F8A100F490E7 /* Card */ = {
			isa = PBXGroup;
			children = (
				EE210B9F21A1F8C300F490E7 /* CardUtils.swift */,
			);
			path = Card;
			sourceTree = "<group>";
		};
		EE210BA121A2E66D00F490E7 /* Store */ = {
			isa = PBXGroup;
			children = (
				EE168A12212C078400AB426A /* StoreToLogo.swift */,
			);
			path = Store;
			sourceTree = "<group>";
		};
		EE617F37219890DF00C27912 /* Help */ = {
			isa = PBXGroup;
			children = (
				EE617F392198910B00C27912 /* HelpViewController.swift */,
				EE617F3A2198910B00C27912 /* HelpViewController.xib */,
			);
			path = Help;
			sourceTree = "<group>";
		};
		EE617F38219890EC00C27912 /* Settings */ = {
			isa = PBXGroup;
			children = (
				EE617F3D2198911A00C27912 /* SettingsViewController.swift */,
				EE617F3E2198911A00C27912 /* SettingsViewController.xib */,
			);
			path = Settings;
			sourceTree = "<group>";
		};
		EE617F4121989AA000C27912 /* Change Language */ = {
			isa = PBXGroup;
			children = (
				EE617F4221989AB300C27912 /* ChangeLanguageViewController.swift */,
				EE617F4321989AB300C27912 /* ChangeLanguageViewController.xib */,
			);
			path = "Change Language";
			sourceTree = "<group>";
		};
		EE617F492198AF8A00C27912 /* Store */ = {
			isa = PBXGroup;
			children = (
				EE617F4A2198AFA800C27912 /* StoreViewController.swift */,
				EE617F4B2198AFA800C27912 /* StoreViewController.xib */,
			);
			path = Store;
			sourceTree = "<group>";
		};
		EE826E8620AADA4A006A0390 = {
			isa = PBXGroup;
			children = (
				EE826E9120AADA4A006A0390 /* Viffs */,
				EE826E9020AADA4A006A0390 /* Products */,
				51B78C2B7EDD5AA579DA57C6 /* Pods */,
				35CB1C987188EE324ADB6859 /* Frameworks */,
			);
			indentWidth = 2;
			sourceTree = "<group>";
			tabWidth = 2;
		};
		EE826E9020AADA4A006A0390 /* Products */ = {
			isa = PBXGroup;
			children = (
				EE826E8F20AADA4A006A0390 /* Viffs.app */,
			);
			name = Products;
			sourceTree = "<group>";
		};
		EE826E9120AADA4A006A0390 /* Viffs */ = {
			isa = PBXGroup;
			children = (
				EE8F6C1E216E2D83003A12A8 /* BridgingHeader.h */,
				EE8D4E552157C76A00341157 /* Fonts */,
				EE826E9220AADA4A006A0390 /* AppDelegate.swift */,
				EEDDC2CB21754F95009EA895 /* AWSLoginManager.swift */,
				EE826E9B20AADA4D006A0390 /* Assets.xcassets */,
				EE826E9D20AADA4D006A0390 /* LaunchScreen.storyboard */,
				EE826EA020AADA4D006A0390 /* Info.plist */,
				EE789BE520B5721D00A0AEA3 /* GoogleService-Info.plist */,
				EE962D4D20BDA7EB006CEC0F /* Scenes - Logged in */,
				EE8D4D85215126C400341157 /* Scenes - Login */,
				EE962D4E20BDA804006CEC0F /* Model */,
				FFD95AFE20CBD59E0010FBC4 /* API */,
				FFA681AB20C03B9A00FE29DA /* Utils */,
				FF68D03A20CD15BA00472FF7 /* Coordinator */,
				FF38274E20C837670046F220 /* Environment.swift */,
				EE617F462198A08100C27912 /* ViffsViewController.swift */,
				FFD95B0320CBE1700010FBC4 /* Mocks.swift */,
			);
			path = Viffs;
			sourceTree = "<group>";
		};
		EE8D4D85215126C400341157 /* Scenes - Login */ = {
			isa = PBXGroup;
			children = (
				EEA1EFAD216D5B630027C7A9 /* AWS.storyboard */,
				EE13B4B8213AD25A007743D2 /* SignInViewController.swift */,
				EE13B4BC213AD2BC007743D2 /* SignUpViewController.swift */,
				EE13B4C0213AD2FF007743D2 /* ForgotPasswordViewController.swift */,
				EE13B4C2213AD31A007743D2 /* ConfirmForgotPasswordViewController.swift */,
				EE13B4BE213AD2DB007743D2 /* ConfirmSignUpViewController.swift */,
				EE13B4BA213AD291007743D2 /* MFAViewController.swift */,
				EE13B4C8213AD406007743D2 /* MFAViewController.xib */,
				EE13B4B6213AD1E0007743D2 /* AWSConstants.swift */,
				EE72B6E5216D58D1005E307E /* CardRegisterViewController.swift */,
				EEA1EFAE216D5FF40027C7A9 /* CodeRegistrationViewController.swift */,
			);
			path = "Scenes - Login";
			sourceTree = "<group>";
		};
		EE8D4D8E21525E8900341157 /* Main */ = {
			isa = PBXGroup;
			children = (
				EE8D4D8F21525EBD00341157 /* MainViewController.swift */,
				EE8D4D9021525EBD00341157 /* MainViewController.xib */,
			);
			path = Main;
			sourceTree = "<group>";
		};
		EE8D4E092157C70800341157 /* MONTSERRAT */ = {
			isa = PBXGroup;
			children = (
				EE8D4E0A2157C70800341157 /* Montserrat-MediumItalic.otf */,
				EE8D4E0B2157C70800341157 /* Montserrat-Bold.otf */,
				EE8D4E0C2157C70800341157 /* Montserrat-BlackItalic.otf */,
				EE8D4E0D2157C70800341157 /* SIL Open Font License.txt */,
				EE8D4E0E2157C70800341157 /* MontserratAlternates-Black.otf */,
				EE8D4E0F2157C70800341157 /* MontserratAlternates-LightItalic.otf */,
				EE8D4E102157C70800341157 /* MontserratAlternates-Medium.otf */,
				EE8D4E112157C70800341157 /* Montserrat-BoldItalic.otf */,
				EE8D4E122157C70800341157 /* Montserrat-Light.otf */,
				EE8D4E132157C70800341157 /* Montserrat-ThinItalic.otf */,
				EE8D4E142157C70800341157 /* Montserrat-Thin.otf */,
				EE8D4E152157C70800341157 /* MontserratAlternates-MediumItalic.otf */,
				EE8D4E162157C70800341157 /* Montserrat-ExtraLight.otf */,
				EE8D4E172157C70800341157 /* MontserratAlternates-BlackItalic.otf */,
				EE8D4E182157C70800341157 /* MontserratAlternates-Bold.otf */,
				EE8D4E192157C70800341157 /* MontserratAlternates-ExtraLightItalic.otf */,
				EE8D4E1A2157C70800341157 /* MontserratAlternates-Thin.otf */,
				EE8D4E1B2157C70800341157 /* Montserrat-LightItalic.otf */,
				EE8D4E1C2157C70800341157 /* Montserrat-Medium.otf */,
				EE8D4E1D2157C70800341157 /* MontserratAlternates-SemiBoldItalic.otf */,
				EE8D4E1E2157C70800341157 /* Montserrat-SemiBoldItalic.otf */,
				EE8D4E1F2157C70800341157 /* Montserrat-ExtraBoldItalic.otf */,
				EE8D4E202157C70800341157 /* Montserrat-Italic.otf */,
				EE8D4E212157C70800341157 /* MontserratAlternates-SemiBold.otf */,
				EE8D4E222157C70800341157 /* Montserrat-Regular.otf */,
				EE8D4E232157C70800341157 /* MontserratAlternates-ExtraBold.otf */,
				EE8D4E242157C70800341157 /* MontserratAlternates-BoldItalic.otf */,
				EE8D4E252157C70800341157 /* Montserrat-ExtraBold.otf */,
				EE8D4E262157C70800341157 /* Montserrat-ExtraLightItalic.otf */,
				EE8D4E272157C70800341157 /* MontserratAlternates-Light.otf */,
				EE8D4E282157C70800341157 /* MontserratAlternates-ExtraLight.otf */,
				EE8D4E292157C70800341157 /* MontserratAlternates-Regular.otf */,
				EE8D4E2A2157C70800341157 /* MontserratAlternates-ThinItalic.otf */,
				EE8D4E2B2157C70800341157 /* Montserrat-Black.otf */,
				EE8D4E2C2157C70800341157 /* MontserratAlternates-ExtraBoldItalic.otf */,
				EE8D4E2D2157C70800341157 /* MontserratAlternates-Italic.otf */,
				EE8D4E2E2157C70800341157 /* Montserrat-SemiBold.otf */,
			);
			path = MONTSERRAT;
			sourceTree = "<group>";
		};
		EE8D4E552157C76A00341157 /* Fonts */ = {
			isa = PBXGroup;
			children = (
				EE8D4E092157C70800341157 /* MONTSERRAT */,
			);
			path = Fonts;
			sourceTree = "<group>";
		};
		EE962D4D20BDA7EB006CEC0F /* Scenes - Logged in */ = {
			isa = PBXGroup;
			children = (
				EE617F4121989AA000C27912 /* Change Language */,
				EE617F38219890EC00C27912 /* Settings */,
				EE617F37219890DF00C27912 /* Help */,
				FF29E7AB2188806F00F56F2B /* Cards */,
				EE8D4D8E21525E8900341157 /* Main */,
				5CDFDBD820E3D4C300BA000F /* Scan receipt */,
				FF07F63E20D26B2500B011D8 /* Stores */,
				EE617F492198AF8A00C27912 /* Store */,
				FF07F63D20D26B1F00B011D8 /* NFC Scanner */,
				FF07F63B20D26AFE00B011D8 /* Register Card */,
				EE210AE9219CCAF300F490E7 /* Register Receipt Code */,
				FF07F63820D26AC600B011D8 /* Mitt Viffs */,
				FF07F63520D269E900B011D8 /* More */,
				FF68D04020CD1DBC00472FF7 /* Receipt Detail */,
				FF68D03F20CD1DAA00472FF7 /* Receipt */,
			);
			path = "Scenes - Logged in";
			sourceTree = "<group>";
		};
		EE962D4E20BDA804006CEC0F /* Model */ = {
			isa = PBXGroup;
			children = (
				EE826EA820AB64CA006A0390 /* Receipt.swift */,
				EE962D4F20BDC5B7006CEC0F /* User.swift */,
				EE8D4D8A215152E900341157 /* Store.swift */,
				FFA2EBE52176376700B1CBB6 /* ReceiptCollection.swift */,
				FF29E7A421887A7000F56F2B /* Offer.swift */,
				FF29E7B52188827B00F56F2B /* Card.swift */,
			);
			path = Model;
			sourceTree = "<group>";
		};
		FF07F63520D269E900B011D8 /* More */ = {
			isa = PBXGroup;
			children = (
				EE13B4CE213C4CB2007743D2 /* TableView */,
				FF3AF53420E8CC8D00CF7B67 /* Cell */,
				FF07F63620D26A6F00B011D8 /* MoreViewController.xib */,
				FF07F65620D27DAB00B011D8 /* MoreViewController.swift */,
			);
			path = More;
			sourceTree = "<group>";
		};
		FF07F63820D26AC600B011D8 /* Mitt Viffs */ = {
			isa = PBXGroup;
			children = (
				FF29E7A621887BDA00F56F2B /* OfferCell */,
				FFA2EBE02176329400B1CBB6 /* Cell */,
				FF07F63920D26AD600B011D8 /* MittViffsViewController.xib */,
				FF07F65420D27D9C00B011D8 /* MittViffsViewController.swift */,
				5C7177DE20E2AB15001B4450 /* MittViffsViewModel.swift */,
			);
			path = "Mitt Viffs";
			sourceTree = "<group>";
		};
		FF07F63B20D26AFE00B011D8 /* Register Card */ = {
			isa = PBXGroup;
			children = (
				FF07F64520D26B6F00B011D8 /* RegisterCardViewController.xib */,
				FF07F65220D27D5400B011D8 /* RegisterCardViewController.swift */,
			);
			path = "Register Card";
			sourceTree = "<group>";
		};
		FF07F63D20D26B1F00B011D8 /* NFC Scanner */ = {
			isa = PBXGroup;
			children = (
				FF07F64120D26B4A00B011D8 /* SecondViewController.xib */,
				FF07F64720D26D3300B011D8 /* SecondViewController.swift */,
			);
			path = "NFC Scanner";
			sourceTree = "<group>";
		};
		FF07F63E20D26B2500B011D8 /* Stores */ = {
			isa = PBXGroup;
			children = (
				FFE53CD32177C9CA0096EA0B /* Pictogram Cell */,
				FFE53CCE2177C0FD0096EA0B /* Store Cell */,
				FF07F63F20D26B3E00B011D8 /* StoresViewController.xib */,
				FF07F64E20D27D2200B011D8 /* StoresViewController.swift */,
			);
			path = Stores;
			sourceTree = "<group>";
		};
		FF29E7A621887BDA00F56F2B /* OfferCell */ = {
			isa = PBXGroup;
			children = (
				FF29E7A721887C1200F56F2B /* OfferCell.swift */,
				FF29E7A821887C1200F56F2B /* OfferCell.xib */,
			);
			path = OfferCell;
			sourceTree = "<group>";
		};
		FF29E7AB2188806F00F56F2B /* Cards */ = {
			isa = PBXGroup;
			children = (
				FF29E7B02188821D00F56F2B /* Cell */,
				FF29E7AC2188809A00F56F2B /* CardsViewController.swift */,
				FF29E7AD2188809A00F56F2B /* CardsViewController.xib */,
			);
			path = Cards;
			sourceTree = "<group>";
		};
		FF29E7B02188821D00F56F2B /* Cell */ = {
			isa = PBXGroup;
			children = (
				FF29E7B12188823D00F56F2B /* CardCell.swift */,
				FF29E7B22188823D00F56F2B /* CardCell.xib */,
			);
			path = Cell;
			sourceTree = "<group>";
		};
		FF3AF53420E8CC8D00CF7B67 /* Cell */ = {
			isa = PBXGroup;
			children = (
				FF3AF53720E8CCE900CF7B67 /* MoreCell.swift */,
				FF3AF53820E8CCE900CF7B67 /* MoreCell.xib */,
			);
			path = Cell;
			sourceTree = "<group>";
		};
		FF68D03A20CD15BA00472FF7 /* Coordinator */ = {
			isa = PBXGroup;
			children = (
				FF68D03B20CD169100472FF7 /* Scene.swift */,
				FF68D04A20CD8C7200472FF7 /* SceneTransitionType.swift */,
				FF68D05320CDCBC200472FF7 /* SceneCoordinator.swift */,
				FF68D05520CDCCA500472FF7 /* SceneCoordinatorType.swift */,
			);
			path = Coordinator;
			sourceTree = "<group>";
		};
		FF68D03F20CD1DAA00472FF7 /* Receipt */ = {
			isa = PBXGroup;
			children = (
				FF68D04320CD1E4100472FF7 /* Cell */,
				EE826E9420AADA4A006A0390 /* ReceiptViewController.swift */,
				FF68D04C20CD8E7200472FF7 /* ReceiptViewController.xib */,
			);
			path = Receipt;
			sourceTree = "<group>";
		};
		FF68D04020CD1DBC00472FF7 /* Receipt Detail */ = {
			isa = PBXGroup;
			children = (
				EE6A768920BE054800A09CCF /* ReceiptDetailViewController.swift */,
				FFD95B0120CBD9090010FBC4 /* ReceiptDetailViewModel.swift */,
				FF68D04820CD396100472FF7 /* ReceiptDetailViewController.xib */,
			);
			path = "Receipt Detail";
			sourceTree = "<group>";
		};
		FF68D04320CD1E4100472FF7 /* Cell */ = {
			isa = PBXGroup;
			children = (
				EE826EA620AADE52006A0390 /* ReceiptViewCell.swift */,
				FF68D04E20CD902600472FF7 /* ReceiptViewCell.xib */,
			);
			path = Cell;
			sourceTree = "<group>";
		};
		FF68D05220CDC07A00472FF7 /* Nib utils */ = {
			isa = PBXGroup;
			children = (
				FF68D03D20CD1C6200472FF7 /* NibInstantiable.swift */,
				FF68D05020CDC07400472FF7 /* NibCellUtils.swift */,
			);
			path = "Nib utils";
			sourceTree = "<group>";
		};
		FFA2EBE02176329400B1CBB6 /* Cell */ = {
			isa = PBXGroup;
			children = (
				FFA2EBE12176333E00B1CBB6 /* MittViffsCell.swift */,
				FFA2EBE22176333E00B1CBB6 /* MittViffsCell.xib */,
			);
			path = Cell;
			sourceTree = "<group>";
		};
		FFA681AB20C03B9A00FE29DA /* Utils */ = {
			isa = PBXGroup;
			children = (
				EE210BA121A2E66D00F490E7 /* Store */,
				EE210B9E21A1F8A100F490E7 /* Card */,
				FF68D05220CDC07A00472FF7 /* Nib utils */,
				FFA681AE20C4991900FE29DA /* RxExtensions */,
				FFA681AC20C03BB200FE29DA /* LoginValidation.swift */,
				FF68D05720CE6D3200472FF7 /* ViewModelBindable.swift */,
				FF68D05920CE772300472FF7 /* NavigationViewController.swift */,
				FF33E00020D6AFE700FF8E5C /* Overture additions.swift */,
				EE210B9C219DF59500F490E7 /* UIImageExtensions.swift */,
			);
			path = Utils;
			sourceTree = "<group>";
		};
		FFA681AE20C4991900FE29DA /* RxExtensions */ = {
			isa = PBXGroup;
			children = (
				FFA681AF20C4994B00FE29DA /* RxUIViewExtensions.swift */,
			);
			path = RxExtensions;
			sourceTree = "<group>";
		};
		FFD95AFE20CBD59E0010FBC4 /* API */ = {
			isa = PBXGroup;
			children = (
				EE8D4D8621512CE700341157 /* AWSApi.swift */,
			);
			path = API;
			sourceTree = "<group>";
		};
		FFE53CCE2177C0FD0096EA0B /* Store Cell */ = {
			isa = PBXGroup;
			children = (
				FFE53CCF2177C1480096EA0B /* StoreCell.swift */,
				FFE53CD02177C1480096EA0B /* StoreCell.xib */,
			);
			path = "Store Cell";
			sourceTree = "<group>";
		};
		FFE53CD32177C9CA0096EA0B /* Pictogram Cell */ = {
			isa = PBXGroup;
			children = (
				FFE53CD42177C9F90096EA0B /* PictogramCell.swift */,
				FFE53CD52177C9F90096EA0B /* PictogramCell.xib */,
			);
			path = "Pictogram Cell";
			sourceTree = "<group>";
		};
/* End PBXGroup section */

/* Begin PBXNativeTarget section */
		EE826E8E20AADA4A006A0390 /* Viffs */ = {
			isa = PBXNativeTarget;
			buildConfigurationList = EE826EA320AADA4D006A0390 /* Build configuration list for PBXNativeTarget "Viffs" */;
			buildPhases = (
				FAE72E171D82634ABA1C39B9 /* [CP] Check Pods Manifest.lock */,
				EE826E8B20AADA4A006A0390 /* Sources */,
				EE826E8C20AADA4A006A0390 /* Frameworks */,
				EE826E8D20AADA4A006A0390 /* Resources */,
				6F708FE10837D3611EE194F0 /* [CP] Embed Pods Frameworks */,
			);
			buildRules = (
			);
			dependencies = (
			);
			name = Viffs;
			productName = Blipp;
			productReference = EE826E8F20AADA4A006A0390 /* Viffs.app */;
			productType = "com.apple.product-type.application";
		};
/* End PBXNativeTarget section */

/* Begin PBXProject section */
		EE826E8720AADA4A006A0390 /* Project object */ = {
			isa = PBXProject;
			attributes = {
				LastSwiftUpdateCheck = 0930;
				LastUpgradeCheck = 0930;
				ORGANIZATIONNAME = Viffs;
				TargetAttributes = {
					EE826E8E20AADA4A006A0390 = {
						CreatedOnToolsVersion = 9.3;
						LastSwiftMigration = 1010;
					};
				};
			};
			buildConfigurationList = EE826E8A20AADA4A006A0390 /* Build configuration list for PBXProject "Viffs" */;
			compatibilityVersion = "Xcode 9.3";
			developmentRegion = en;
			hasScannedForEncodings = 0;
			knownRegions = (
				en,
				Base,
			);
			mainGroup = EE826E8620AADA4A006A0390;
			productRefGroup = EE826E9020AADA4A006A0390 /* Products */;
			projectDirPath = "";
			projectRoot = "";
			targets = (
				EE826E8E20AADA4A006A0390 /* Viffs */,
			);
		};
/* End PBXProject section */

/* Begin PBXResourcesBuildPhase section */
		EE826E8D20AADA4A006A0390 /* Resources */ = {
			isa = PBXResourcesBuildPhase;
			buildActionMask = 2147483647;
			files = (
				EE8D4E3D2157C70800341157 /* MontserratAlternates-Bold.otf in Resources */,
				EE8D4E482157C70800341157 /* MontserratAlternates-ExtraBold.otf in Resources */,
				FF68D04F20CD902600472FF7 /* ReceiptViewCell.xib in Resources */,
				EE13B4D2213C4CE5007743D2 /* MoreTableViewController.xib in Resources */,
				EE8D4E402157C70800341157 /* Montserrat-LightItalic.otf in Resources */,
				EE8D4E442157C70800341157 /* Montserrat-ExtraBoldItalic.otf in Resources */,
				EE8D4E472157C70800341157 /* Montserrat-Regular.otf in Resources */,
				FF29E7B42188823D00F56F2B /* CardCell.xib in Resources */,
				EE8D4E422157C70800341157 /* MontserratAlternates-SemiBoldItalic.otf in Resources */,
				EE8D4E362157C70800341157 /* Montserrat-BoldItalic.otf in Resources */,
				FF29E7AA21887C1200F56F2B /* OfferCell.xib in Resources */,
				EE826E9F20AADA4D006A0390 /* LaunchScreen.storyboard in Resources */,
				EE8D4E3A2157C70800341157 /* MontserratAlternates-MediumItalic.otf in Resources */,
				EE8D4E432157C70800341157 /* Montserrat-SemiBoldItalic.otf in Resources */,
				EE8D4E3F2157C70800341157 /* MontserratAlternates-Thin.otf in Resources */,
				EE8D4E4F2157C70800341157 /* MontserratAlternates-ThinItalic.otf in Resources */,
				EE8D4D9221525EBD00341157 /* MainViewController.xib in Resources */,
				FF3AF53A20E8CCE900CF7B67 /* MoreCell.xib in Resources */,
				EE8D4E452157C70800341157 /* Montserrat-Italic.otf in Resources */,
				EE8D4E512157C70800341157 /* MontserratAlternates-ExtraBoldItalic.otf in Resources */,
				EE617F4D2198AFA800C27912 /* StoreViewController.xib in Resources */,
				EE8D4E332157C70800341157 /* MontserratAlternates-Black.otf in Resources */,
				EE617F4521989AB300C27912 /* ChangeLanguageViewController.xib in Resources */,
				EE8D4E502157C70800341157 /* Montserrat-Black.otf in Resources */,
				EE8D4E3E2157C70800341157 /* MontserratAlternates-ExtraLightItalic.otf in Resources */,
				EE210AED219CCB3800F490E7 /* ReceiptCodeViewController.xib in Resources */,
				FF07F64620D26B6F00B011D8 /* RegisterCardViewController.xib in Resources */,
				EE8D4E492157C70800341157 /* MontserratAlternates-BoldItalic.otf in Resources */,
				EE617F402198911A00C27912 /* SettingsViewController.xib in Resources */,
				EE13B4C9213AD406007743D2 /* MFAViewController.xib in Resources */,
				EE8D4E532157C70800341157 /* Montserrat-SemiBold.otf in Resources */,
				FF68D04D20CD8E7200472FF7 /* ReceiptViewController.xib in Resources */,
				EE8D4E312157C70800341157 /* Montserrat-BlackItalic.otf in Resources */,
				FF68D04920CD396100472FF7 /* ReceiptDetailViewController.xib in Resources */,
				EE8D4E342157C70800341157 /* MontserratAlternates-LightItalic.otf in Resources */,
				EE8D4E4A2157C70800341157 /* Montserrat-ExtraBold.otf in Resources */,
				5CDFDBDA20E3D58C00BA000F /* ScanReceiptViewController.xib in Resources */,
				EE8D4E392157C70800341157 /* Montserrat-Thin.otf in Resources */,
				FF07F64020D26B3E00B011D8 /* StoresViewController.xib in Resources */,
				EE8D4E462157C70800341157 /* MontserratAlternates-SemiBold.otf in Resources */,
				EE8D4E4B2157C70800341157 /* Montserrat-ExtraLightItalic.otf in Resources */,
				EE8D4E522157C70800341157 /* MontserratAlternates-Italic.otf in Resources */,
				EE789BE620B5721D00A0AEA3 /* GoogleService-Info.plist in Resources */,
				EE8D4E382157C70800341157 /* Montserrat-ThinItalic.otf in Resources */,
				FF07F64220D26B4A00B011D8 /* SecondViewController.xib in Resources */,
				EE8D4E322157C70800341157 /* SIL Open Font License.txt in Resources */,
				EE8D4E4C2157C70800341157 /* MontserratAlternates-Light.otf in Resources */,
				EE8D4E2F2157C70800341157 /* Montserrat-MediumItalic.otf in Resources */,
				EE8D4E372157C70800341157 /* Montserrat-Light.otf in Resources */,
				EE8D4E352157C70800341157 /* MontserratAlternates-Medium.otf in Resources */,
				EE8D4E4D2157C70800341157 /* MontserratAlternates-ExtraLight.otf in Resources */,
				FFA2EBE42176333E00B1CBB6 /* MittViffsCell.xib in Resources */,
				FF29E7AF2188809A00F56F2B /* CardsViewController.xib in Resources */,
				FF07F63A20D26AD600B011D8 /* MittViffsViewController.xib in Resources */,
				EE617F3C2198910B00C27912 /* HelpViewController.xib in Resources */,
				EE8D4E412157C70800341157 /* Montserrat-Medium.otf in Resources */,
				FFE53CD22177C1480096EA0B /* StoreCell.xib in Resources */,
				FF07F63720D26A6F00B011D8 /* MoreViewController.xib in Resources */,
				EE8D4E4E2157C70800341157 /* MontserratAlternates-Regular.otf in Resources */,
				FFE53CD72177C9F90096EA0B /* PictogramCell.xib in Resources */,
				EE826E9C20AADA4D006A0390 /* Assets.xcassets in Resources */,
				EEA1EFAB216D5B630027C7A9 /* AWS.storyboard in Resources */,
				EE8D4E3C2157C70800341157 /* MontserratAlternates-BlackItalic.otf in Resources */,
				EE8D4E302157C70800341157 /* Montserrat-Bold.otf in Resources */,
				EE8D4E3B2157C70800341157 /* Montserrat-ExtraLight.otf in Resources */,
			);
			runOnlyForDeploymentPostprocessing = 0;
		};
/* End PBXResourcesBuildPhase section */

/* Begin PBXShellScriptBuildPhase section */
		6F708FE10837D3611EE194F0 /* [CP] Embed Pods Frameworks */ = {
			isa = PBXShellScriptBuildPhase;
			buildActionMask = 2147483647;
			files = (
			);
			inputPaths = (
				"${SRCROOT}/Pods/Target Support Files/Pods-Viffs/Pods-Viffs-frameworks.sh",
				"${BUILT_PRODUCTS_DIR}/AWSAuthCore/AWSAuthCore.framework",
				"${BUILT_PRODUCTS_DIR}/AWSCognitoIdentityProvider/AWSCognitoIdentityProvider.framework",
				"${BUILT_PRODUCTS_DIR}/AWSCognitoIdentityProviderASF/AWSCognitoIdentityProviderASF.framework",
				"${BUILT_PRODUCTS_DIR}/AWSCore/AWSCore.framework",
				"${BUILT_PRODUCTS_DIR}/Alamofire/Alamofire.framework",
				"${BUILT_PRODUCTS_DIR}/Differentiator/Differentiator.framework",
				"${BUILT_PRODUCTS_DIR}/Overture/Overture.framework",
				"${BUILT_PRODUCTS_DIR}/PromiseKit/PromiseKit.framework",
				"${BUILT_PRODUCTS_DIR}/QRCodeReader.swift/QRCodeReader.framework",
				"${BUILT_PRODUCTS_DIR}/Result/Result.framework",
				"${BUILT_PRODUCTS_DIR}/RxAtomic/RxAtomic.framework",
				"${BUILT_PRODUCTS_DIR}/RxCocoa/RxCocoa.framework",
				"${BUILT_PRODUCTS_DIR}/RxDataSources/RxDataSources.framework",
				"${BUILT_PRODUCTS_DIR}/RxSwift/RxSwift.framework",
				"${BUILT_PRODUCTS_DIR}/SideMenu/SideMenu.framework",
				"${BUILT_PRODUCTS_DIR}/WeScan/WeScan.framework",
			);
			name = "[CP] Embed Pods Frameworks";
			outputPaths = (
				"${TARGET_BUILD_DIR}/${FRAMEWORKS_FOLDER_PATH}/AWSAuthCore.framework",
				"${TARGET_BUILD_DIR}/${FRAMEWORKS_FOLDER_PATH}/AWSCognitoIdentityProvider.framework",
				"${TARGET_BUILD_DIR}/${FRAMEWORKS_FOLDER_PATH}/AWSCognitoIdentityProviderASF.framework",
				"${TARGET_BUILD_DIR}/${FRAMEWORKS_FOLDER_PATH}/AWSCore.framework",
				"${TARGET_BUILD_DIR}/${FRAMEWORKS_FOLDER_PATH}/Alamofire.framework",
				"${TARGET_BUILD_DIR}/${FRAMEWORKS_FOLDER_PATH}/Differentiator.framework",
				"${TARGET_BUILD_DIR}/${FRAMEWORKS_FOLDER_PATH}/Overture.framework",
				"${TARGET_BUILD_DIR}/${FRAMEWORKS_FOLDER_PATH}/PromiseKit.framework",
				"${TARGET_BUILD_DIR}/${FRAMEWORKS_FOLDER_PATH}/QRCodeReader.framework",
				"${TARGET_BUILD_DIR}/${FRAMEWORKS_FOLDER_PATH}/Result.framework",
				"${TARGET_BUILD_DIR}/${FRAMEWORKS_FOLDER_PATH}/RxAtomic.framework",
				"${TARGET_BUILD_DIR}/${FRAMEWORKS_FOLDER_PATH}/RxCocoa.framework",
				"${TARGET_BUILD_DIR}/${FRAMEWORKS_FOLDER_PATH}/RxDataSources.framework",
				"${TARGET_BUILD_DIR}/${FRAMEWORKS_FOLDER_PATH}/RxSwift.framework",
				"${TARGET_BUILD_DIR}/${FRAMEWORKS_FOLDER_PATH}/SideMenu.framework",
				"${TARGET_BUILD_DIR}/${FRAMEWORKS_FOLDER_PATH}/WeScan.framework",
			);
			runOnlyForDeploymentPostprocessing = 0;
			shellPath = /bin/sh;
			shellScript = "\"${SRCROOT}/Pods/Target Support Files/Pods-Viffs/Pods-Viffs-frameworks.sh\"\n";
			showEnvVarsInLog = 0;
		};
		FAE72E171D82634ABA1C39B9 /* [CP] Check Pods Manifest.lock */ = {
			isa = PBXShellScriptBuildPhase;
			buildActionMask = 2147483647;
			files = (
			);
			inputPaths = (
				"${PODS_PODFILE_DIR_PATH}/Podfile.lock",
				"${PODS_ROOT}/Manifest.lock",
			);
			name = "[CP] Check Pods Manifest.lock";
			outputPaths = (
				"$(DERIVED_FILE_DIR)/Pods-Viffs-checkManifestLockResult.txt",
			);
			runOnlyForDeploymentPostprocessing = 0;
			shellPath = /bin/sh;
			shellScript = "diff \"${PODS_PODFILE_DIR_PATH}/Podfile.lock\" \"${PODS_ROOT}/Manifest.lock\" > /dev/null\nif [ $? != 0 ] ; then\n    # print error to STDERR\n    echo \"error: The sandbox is not in sync with the Podfile.lock. Run 'pod install' or update your CocoaPods installation.\" >&2\n    exit 1\nfi\n# This output is used by Xcode 'outputs' to avoid re-running this script phase.\necho \"SUCCESS\" > \"${SCRIPT_OUTPUT_FILE_0}\"\n";
			showEnvVarsInLog = 0;
		};
/* End PBXShellScriptBuildPhase section */

/* Begin PBXSourcesBuildPhase section */
		EE826E8B20AADA4A006A0390 /* Sources */ = {
			isa = PBXSourcesBuildPhase;
			buildActionMask = 2147483647;
			files = (
				EE13B4BD213AD2BC007743D2 /* SignUpViewController.swift in Sources */,
				FFA2EBE62176376700B1CBB6 /* ReceiptCollection.swift in Sources */,
				FF68D03E20CD1C6200472FF7 /* NibInstantiable.swift in Sources */,
				EE210B9D219DF59500F490E7 /* UIImageExtensions.swift in Sources */,
				EE72B6E6216D58D1005E307E /* CardRegisterViewController.swift in Sources */,
				FF68D05420CDCBC200472FF7 /* SceneCoordinator.swift in Sources */,
				FF07F64820D26D3300B011D8 /* SecondViewController.swift in Sources */,
				EE8D4D9121525EBD00341157 /* MainViewController.swift in Sources */,
				EE13B4B7213AD1E0007743D2 /* AWSConstants.swift in Sources */,
				EE617F4C2198AFA800C27912 /* StoreViewController.swift in Sources */,
				FF29E7A521887A7000F56F2B /* Offer.swift in Sources */,
				FF68D04B20CD8C7200472FF7 /* SceneTransitionType.swift in Sources */,
				EE617F4421989AB300C27912 /* ChangeLanguageViewController.swift in Sources */,
				FF38274F20C837670046F220 /* Environment.swift in Sources */,
				FFE53CD62177C9F90096EA0B /* PictogramCell.swift in Sources */,
				FFA681B020C4994B00FE29DA /* RxUIViewExtensions.swift in Sources */,
				FF68D05120CDC07400472FF7 /* NibCellUtils.swift in Sources */,
				EE210AEC219CCB3800F490E7 /* ReceiptCodeViewController.swift in Sources */,
				FF29E7B62188827B00F56F2B /* Card.swift in Sources */,
				EE13B4BF213AD2DB007743D2 /* ConfirmSignUpViewController.swift in Sources */,
				EE617F472198A08100C27912 /* ViffsViewController.swift in Sources */,
				EEDDC2CC21754F95009EA895 /* AWSLoginManager.swift in Sources */,
				FF07F65320D27D5400B011D8 /* RegisterCardViewController.swift in Sources */,
				FFA681AD20C03BB200FE29DA /* LoginValidation.swift in Sources */,
				FF3AF53920E8CCE900CF7B67 /* MoreCell.swift in Sources */,
				EE826EA920AB64CA006A0390 /* Receipt.swift in Sources */,
				FF68D05A20CE772300472FF7 /* NavigationViewController.swift in Sources */,
				FF07F65720D27DAB00B011D8 /* MoreViewController.swift in Sources */,
				EE617F3B2198910B00C27912 /* HelpViewController.swift in Sources */,
				EE826EA720AADE52006A0390 /* ReceiptViewCell.swift in Sources */,
				EE6A768A20BE054800A09CCF /* ReceiptDetailViewController.swift in Sources */,
				FF29E7AE2188809A00F56F2B /* CardsViewController.swift in Sources */,
				EE13B4B9213AD25A007743D2 /* SignInViewController.swift in Sources */,
				EE8D4D8721512CE700341157 /* AWSApi.swift in Sources */,
				FF07F64F20D27D2200B011D8 /* StoresViewController.swift in Sources */,
				FF68D03C20CD169100472FF7 /* Scene.swift in Sources */,
				FF29E7B32188823D00F56F2B /* CardCell.swift in Sources */,
				EE13B4D1213C4CE5007743D2 /* MoreTableViewController.swift in Sources */,
				5CDFDBDC20E3D6FC00BA000F /* ScanReceiptViewController.swift in Sources */,
				EE13B4BB213AD291007743D2 /* MFAViewController.swift in Sources */,
				EE13B4C3213AD31A007743D2 /* ConfirmForgotPasswordViewController.swift in Sources */,
				EEA1EFAF216D5FF40027C7A9 /* CodeRegistrationViewController.swift in Sources */,
				EE168A13212C078400AB426A /* StoreToLogo.swift in Sources */,
				FF68D05620CDCCA500472FF7 /* SceneCoordinatorType.swift in Sources */,
				5C7177DF20E2AB15001B4450 /* MittViffsViewModel.swift in Sources */,
				EE210BA021A1F8C300F490E7 /* CardUtils.swift in Sources */,
				FFD95B0220CBD9090010FBC4 /* ReceiptDetailViewModel.swift in Sources */,
				FFA2EBE32176333E00B1CBB6 /* MittViffsCell.swift in Sources */,
				EE962D5020BDC5B7006CEC0F /* User.swift in Sources */,
				FF07F65520D27D9C00B011D8 /* MittViffsViewController.swift in Sources */,
				FFE53CD12177C1480096EA0B /* StoreCell.swift in Sources */,
				FF29E7A921887C1200F56F2B /* OfferCell.swift in Sources */,
				FFD95B0420CBE1700010FBC4 /* Mocks.swift in Sources */,
				EE13B4C1213AD2FF007743D2 /* ForgotPasswordViewController.swift in Sources */,
				EE826E9320AADA4A006A0390 /* AppDelegate.swift in Sources */,
				EE8D4D8B215152E900341157 /* Store.swift in Sources */,
				EE826E9520AADA4A006A0390 /* ReceiptViewController.swift in Sources */,
				FF33E00120D6AFE700FF8E5C /* Overture additions.swift in Sources */,
				FF68D05820CE6D3200472FF7 /* ViewModelBindable.swift in Sources */,
				EE617F3F2198911A00C27912 /* SettingsViewController.swift in Sources */,
			);
			runOnlyForDeploymentPostprocessing = 0;
		};
/* End PBXSourcesBuildPhase section */

/* Begin PBXVariantGroup section */
		EE826E9D20AADA4D006A0390 /* LaunchScreen.storyboard */ = {
			isa = PBXVariantGroup;
			children = (
				EE826E9E20AADA4D006A0390 /* Base */,
			);
			name = LaunchScreen.storyboard;
			sourceTree = "<group>";
		};
		EEA1EFAD216D5B630027C7A9 /* AWS.storyboard */ = {
			isa = PBXVariantGroup;
			children = (
				EEA1EFAC216D5B630027C7A9 /* Base */,
			);
			name = AWS.storyboard;
			sourceTree = "<group>";
		};
/* End PBXVariantGroup section */

/* Begin XCBuildConfiguration section */
		EE826EA120AADA4D006A0390 /* Debug */ = {
			isa = XCBuildConfiguration;
			buildSettings = {
				ALWAYS_SEARCH_USER_PATHS = NO;
				CLANG_ANALYZER_NONNULL = YES;
				CLANG_ANALYZER_NUMBER_OBJECT_CONVERSION = YES_AGGRESSIVE;
				CLANG_CXX_LANGUAGE_STANDARD = "gnu++14";
				CLANG_CXX_LIBRARY = "libc++";
				CLANG_ENABLE_MODULES = YES;
				CLANG_ENABLE_OBJC_ARC = YES;
				CLANG_ENABLE_OBJC_WEAK = YES;
				CLANG_WARN_BLOCK_CAPTURE_AUTORELEASING = YES;
				CLANG_WARN_BOOL_CONVERSION = YES;
				CLANG_WARN_COMMA = YES;
				CLANG_WARN_CONSTANT_CONVERSION = YES;
				CLANG_WARN_DEPRECATED_OBJC_IMPLEMENTATIONS = YES;
				CLANG_WARN_DIRECT_OBJC_ISA_USAGE = YES_ERROR;
				CLANG_WARN_DOCUMENTATION_COMMENTS = YES;
				CLANG_WARN_EMPTY_BODY = YES;
				CLANG_WARN_ENUM_CONVERSION = YES;
				CLANG_WARN_INFINITE_RECURSION = YES;
				CLANG_WARN_INT_CONVERSION = YES;
				CLANG_WARN_NON_LITERAL_NULL_CONVERSION = YES;
				CLANG_WARN_OBJC_IMPLICIT_RETAIN_SELF = YES;
				CLANG_WARN_OBJC_LITERAL_CONVERSION = YES;
				CLANG_WARN_OBJC_ROOT_CLASS = YES_ERROR;
				CLANG_WARN_RANGE_LOOP_ANALYSIS = YES;
				CLANG_WARN_STRICT_PROTOTYPES = YES;
				CLANG_WARN_SUSPICIOUS_MOVE = YES;
				CLANG_WARN_UNGUARDED_AVAILABILITY = YES_AGGRESSIVE;
				CLANG_WARN_UNREACHABLE_CODE = YES;
				CLANG_WARN__DUPLICATE_METHOD_MATCH = YES;
				CODE_SIGN_IDENTITY = "iPhone Developer";
				COPY_PHASE_STRIP = NO;
				DEBUG_INFORMATION_FORMAT = dwarf;
				ENABLE_STRICT_OBJC_MSGSEND = YES;
				ENABLE_TESTABILITY = YES;
				GCC_C_LANGUAGE_STANDARD = gnu11;
				GCC_DYNAMIC_NO_PIC = NO;
				GCC_NO_COMMON_BLOCKS = YES;
				GCC_OPTIMIZATION_LEVEL = 0;
				GCC_PREPROCESSOR_DEFINITIONS = (
					"DEBUG=1",
					"$(inherited)",
				);
				GCC_WARN_64_TO_32_BIT_CONVERSION = YES;
				GCC_WARN_ABOUT_RETURN_TYPE = YES_ERROR;
				GCC_WARN_UNDECLARED_SELECTOR = YES;
				GCC_WARN_UNINITIALIZED_AUTOS = YES_AGGRESSIVE;
				GCC_WARN_UNUSED_FUNCTION = YES;
				GCC_WARN_UNUSED_VARIABLE = YES;
				IPHONEOS_DEPLOYMENT_TARGET = 11.3;
				MTL_ENABLE_DEBUG_INFO = YES;
				ONLY_ACTIVE_ARCH = YES;
				SDKROOT = iphoneos;
				SWIFT_ACTIVE_COMPILATION_CONDITIONS = DEBUG;
				SWIFT_OPTIMIZATION_LEVEL = "-Onone";
			};
			name = Debug;
		};
		EE826EA220AADA4D006A0390 /* Release */ = {
			isa = XCBuildConfiguration;
			buildSettings = {
				ALWAYS_SEARCH_USER_PATHS = NO;
				CLANG_ANALYZER_NONNULL = YES;
				CLANG_ANALYZER_NUMBER_OBJECT_CONVERSION = YES_AGGRESSIVE;
				CLANG_CXX_LANGUAGE_STANDARD = "gnu++14";
				CLANG_CXX_LIBRARY = "libc++";
				CLANG_ENABLE_MODULES = YES;
				CLANG_ENABLE_OBJC_ARC = YES;
				CLANG_ENABLE_OBJC_WEAK = YES;
				CLANG_WARN_BLOCK_CAPTURE_AUTORELEASING = YES;
				CLANG_WARN_BOOL_CONVERSION = YES;
				CLANG_WARN_COMMA = YES;
				CLANG_WARN_CONSTANT_CONVERSION = YES;
				CLANG_WARN_DEPRECATED_OBJC_IMPLEMENTATIONS = YES;
				CLANG_WARN_DIRECT_OBJC_ISA_USAGE = YES_ERROR;
				CLANG_WARN_DOCUMENTATION_COMMENTS = YES;
				CLANG_WARN_EMPTY_BODY = YES;
				CLANG_WARN_ENUM_CONVERSION = YES;
				CLANG_WARN_INFINITE_RECURSION = YES;
				CLANG_WARN_INT_CONVERSION = YES;
				CLANG_WARN_NON_LITERAL_NULL_CONVERSION = YES;
				CLANG_WARN_OBJC_IMPLICIT_RETAIN_SELF = YES;
				CLANG_WARN_OBJC_LITERAL_CONVERSION = YES;
				CLANG_WARN_OBJC_ROOT_CLASS = YES_ERROR;
				CLANG_WARN_RANGE_LOOP_ANALYSIS = YES;
				CLANG_WARN_STRICT_PROTOTYPES = YES;
				CLANG_WARN_SUSPICIOUS_MOVE = YES;
				CLANG_WARN_UNGUARDED_AVAILABILITY = YES_AGGRESSIVE;
				CLANG_WARN_UNREACHABLE_CODE = YES;
				CLANG_WARN__DUPLICATE_METHOD_MATCH = YES;
				CODE_SIGN_IDENTITY = "iPhone Developer";
				COPY_PHASE_STRIP = NO;
				DEBUG_INFORMATION_FORMAT = "dwarf-with-dsym";
				ENABLE_NS_ASSERTIONS = NO;
				ENABLE_STRICT_OBJC_MSGSEND = YES;
				GCC_C_LANGUAGE_STANDARD = gnu11;
				GCC_NO_COMMON_BLOCKS = YES;
				GCC_WARN_64_TO_32_BIT_CONVERSION = YES;
				GCC_WARN_ABOUT_RETURN_TYPE = YES_ERROR;
				GCC_WARN_UNDECLARED_SELECTOR = YES;
				GCC_WARN_UNINITIALIZED_AUTOS = YES_AGGRESSIVE;
				GCC_WARN_UNUSED_FUNCTION = YES;
				GCC_WARN_UNUSED_VARIABLE = YES;
				IPHONEOS_DEPLOYMENT_TARGET = 11.3;
				MTL_ENABLE_DEBUG_INFO = NO;
				SDKROOT = iphoneos;
				SWIFT_COMPILATION_MODE = wholemodule;
				SWIFT_OPTIMIZATION_LEVEL = "-O";
				VALIDATE_PRODUCT = YES;
			};
			name = Release;
		};
		EE826EA420AADA4D006A0390 /* Debug */ = {
			isa = XCBuildConfiguration;
			baseConfigurationReference = 451BE048DF50D156136C99CE /* Pods-Viffs.debug.xcconfig */;
			buildSettings = {
				ASSETCATALOG_COMPILER_APPICON_NAME = AppIcon;
				CODE_SIGN_IDENTITY = "iPhone Developer: robbanl@kth.se (98692X727Q)";
				CODE_SIGN_STYLE = Manual;
				DEVELOPMENT_TEAM = VCRQL947ZX;
				GCC_PREFIX_HEADER = "$(SRCROOT)/Viffs/BridgingHeader.h";
				INFOPLIST_FILE = "$(SRCROOT)/Viffs/Info.plist";
				IPHONEOS_DEPLOYMENT_TARGET = 11.4;
				LD_RUNPATH_SEARCH_PATHS = (
					"$(inherited)",
					"@executable_path/Frameworks",
				);
				OTHER_LDFLAGS = (
					"$(inherited)",
					"-ObjC",
					"-l\"CardIO\"",
					"-l\"c++\"",
					"-l\"icucore\"",
					"-l\"opencv_core\"",
					"-l\"opencv_imgproc\"",
					"-l\"sqlite3\"",
					"-l\"z\"",
					"-framework",
					"\"AVFoundation\"",
					"-framework",
					"\"AWSCognitoIdentityProvider\"",
					"-framework",
					"\"AWSCognitoIdentityProviderASF\"",
					"-framework",
					"\"AWSCore\"",
					"-framework",
					"\"Accelerate\"",
					"-framework",
					"\"Alamofire\"",
					"-framework",
					"\"AudioToolbox\"",
					"-framework",
					"\"CFNetwork\"",
					"-framework",
					"\"CoreMedia\"",
					"-framework",
					"\"CoreVideo\"",
					"-framework",
					"\"Differentiator\"",
					"-framework",
					"\"Foundation\"",
					"-framework",
					"\"MobileCoreServices\"",
					"-framework",
					"\"OpenGLES\"",
					"-framework",
					"\"Overture\"",
					"-framework",
					"\"PromiseKit\"",
					"-framework",
					"\"QuartzCore\"",
					"-framework",
					"\"Result\"",
					"-framework",
					"\"RxCocoa\"",
					"-framework",
					"\"RxDataSources\"",
					"-framework",
					"\"RxSwift\"",
					"-framework",
					"\"Security\"",
					"-framework",
					"\"SideMenu\"",
					"-framework",
					"\"StoreKit\"",
					"-framework",
					"\"SystemConfiguration\"",
					"-framework",
					"\"UIKit\"",
					"\"-lc++\"",
				);
				PRODUCT_BUNDLE_IDENTIFIER = com.BlippAB.Blipp;
				PRODUCT_MODULE_NAME = "$(PRODUCT_NAME:c99extidentifier)";
				PRODUCT_NAME = "$(TARGET_NAME)";
				PROVISIONING_PROFILE = "ff438b47-85d0-43bf-8a7d-b54976d5b3f2";
				PROVISIONING_PROFILE_SPECIFIER = Rob;
				SWIFT_OBJC_BRIDGING_HEADER = Viffs/BridgingHeader.h;
				SWIFT_VERSION = 4.2;
				TARGETED_DEVICE_FAMILY = "1,2";
			};
			name = Debug;
		};
		EE826EA520AADA4D006A0390 /* Release */ = {
			isa = XCBuildConfiguration;
			baseConfigurationReference = 2E86FB2FFFDCFEDD856FB433 /* Pods-Viffs.release.xcconfig */;
			buildSettings = {
				ASSETCATALOG_COMPILER_APPICON_NAME = AppIcon;
				CODE_SIGN_IDENTITY = "iPhone Developer: robbanl@kth.se (98692X727Q)";
				CODE_SIGN_STYLE = Manual;
				DEVELOPMENT_TEAM = VCRQL947ZX;
				GCC_PREFIX_HEADER = "$(SRCROOT)/Viffs/BridgingHeader.h";
				INFOPLIST_FILE = "$(SRCROOT)/Viffs/Info.plist";
				IPHONEOS_DEPLOYMENT_TARGET = 11.4;
				LD_RUNPATH_SEARCH_PATHS = (
					"$(inherited)",
					"@executable_path/Frameworks",
				);
				OTHER_LDFLAGS = (
					"$(inherited)",
					"-ObjC",
					"-l\"CardIO\"",
					"-l\"c++\"",
					"-l\"icucore\"",
					"-l\"opencv_core\"",
					"-l\"opencv_imgproc\"",
					"-l\"sqlite3\"",
					"-l\"z\"",
					"-framework",
					"\"AVFoundation\"",
					"-framework",
					"\"AWSCognitoIdentityProvider\"",
					"-framework",
					"\"AWSCognitoIdentityProviderASF\"",
					"-framework",
					"\"AWSCore\"",
					"-framework",
					"\"Accelerate\"",
					"-framework",
					"\"Alamofire\"",
					"-framework",
					"\"AudioToolbox\"",
					"-framework",
					"\"CFNetwork\"",
					"-framework",
					"\"CoreMedia\"",
					"-framework",
					"\"CoreVideo\"",
					"-framework",
					"\"Differentiator\"",
					"-framework",
					"\"Foundation\"",
					"-framework",
					"\"MobileCoreServices\"",
					"-framework",
					"\"OpenGLES\"",
					"-framework",
					"\"Overture\"",
					"-framework",
					"\"PromiseKit\"",
					"-framework",
					"\"QuartzCore\"",
					"-framework",
					"\"Result\"",
					"-framework",
					"\"RxCocoa\"",
					"-framework",
					"\"RxDataSources\"",
					"-framework",
					"\"RxSwift\"",
					"-framework",
					"\"Security\"",
					"-framework",
					"\"SideMenu\"",
					"-framework",
					"\"StoreKit\"",
					"-framework",
					"\"SystemConfiguration\"",
					"-framework",
					"\"UIKit\"",
					"\"-lc++\"",
				);
				PRODUCT_BUNDLE_IDENTIFIER = com.BlippAB.Blipp;
				PRODUCT_MODULE_NAME = "$(PRODUCT_NAME:c99extidentifier)";
				PRODUCT_NAME = "$(TARGET_NAME)";
				PROVISIONING_PROFILE = "ff438b47-85d0-43bf-8a7d-b54976d5b3f2";
				PROVISIONING_PROFILE_SPECIFIER = Rob;
				SWIFT_OBJC_BRIDGING_HEADER = Viffs/BridgingHeader.h;
				SWIFT_VERSION = 4.2;
				TARGETED_DEVICE_FAMILY = "1,2";
			};
			name = Release;
		};
/* End XCBuildConfiguration section */

/* Begin XCConfigurationList section */
		EE826E8A20AADA4A006A0390 /* Build configuration list for PBXProject "Viffs" */ = {
			isa = XCConfigurationList;
			buildConfigurations = (
				EE826EA120AADA4D006A0390 /* Debug */,
				EE826EA220AADA4D006A0390 /* Release */,
			);
			defaultConfigurationIsVisible = 0;
			defaultConfigurationName = Release;
		};
		EE826EA320AADA4D006A0390 /* Build configuration list for PBXNativeTarget "Viffs" */ = {
			isa = XCConfigurationList;
			buildConfigurations = (
				EE826EA420AADA4D006A0390 /* Debug */,
				EE826EA520AADA4D006A0390 /* Release */,
			);
			defaultConfigurationIsVisible = 0;
			defaultConfigurationName = Release;
		};
/* End XCConfigurationList section */
	};
	rootObject = EE826E8720AADA4A006A0390 /* Project object */;
}
